// !$*UTF8*$!
{
	archiveVersion = 1;
	classes = {
	};
	objectVersion = 51;
	objects = {

/* Begin PBXBuildFile section */
		4C11CD57254F16AF006E960C /* FavoriteBeersVM.swift in Sources */ = {isa = PBXBuildFile; fileRef = 4C11CD56254F16AE006E960C /* FavoriteBeersVM.swift */; };
		4C11CD5D254F17CB006E960C /* BeerDetailsVC.swift in Sources */ = {isa = PBXBuildFile; fileRef = 4C11CD5C254F17CB006E960C /* BeerDetailsVC.swift */; };
		4C11CD62254F17E7006E960C /* BeerDetailsVM.swift in Sources */ = {isa = PBXBuildFile; fileRef = 4C11CD61254F17E7006E960C /* BeerDetailsVM.swift */; };
		4C11CD6E254F20EE006E960C /* NavigatorType.swift in Sources */ = {isa = PBXBuildFile; fileRef = 4C11CD6D254F20EE006E960C /* NavigatorType.swift */; };
		4C11CD73254F224D006E960C /* TabBarDataProvider.swift in Sources */ = {isa = PBXBuildFile; fileRef = 4C11CD72254F224D006E960C /* TabBarDataProvider.swift */; };
		4C11CD7A254F3456006E960C /* Contexts.swift in Sources */ = {isa = PBXBuildFile; fileRef = 4C11CD79254F3456006E960C /* Contexts.swift */; };
		4C11CD7D254F3545006E960C /* ContextProvider.swift in Sources */ = {isa = PBXBuildFile; fileRef = 4C11CD7C254F3545006E960C /* ContextProvider.swift */; };
		4C11CD88254F4486006E960C /* Localizable.strings in Resources */ = {isa = PBXBuildFile; fileRef = 4C11CD8A254F4486006E960C /* Localizable.strings */; };
		4C11CD90254F50D9006E960C /* BeersListStyle.swift in Sources */ = {isa = PBXBuildFile; fileRef = 4C11CD8F254F50D9006E960C /* BeersListStyle.swift */; };
		4C11CD94254F51E5006E960C /* BeersListItemVM.swift in Sources */ = {isa = PBXBuildFile; fileRef = 4C11CD93254F51E5006E960C /* BeersListItemVM.swift */; };
		4C11CD99254F5351006E960C /* WeakCapture.swift in Sources */ = {isa = PBXBuildFile; fileRef = 4C11CD98254F5351006E960C /* WeakCapture.swift */; };
		4C11CD9D254F558D006E960C /* ButtonStyle.swift in Sources */ = {isa = PBXBuildFile; fileRef = 4C11CD9C254F558D006E960C /* ButtonStyle.swift */; };
		4C11CDA8254F6050006E960C /* AppColors.swift in Sources */ = {isa = PBXBuildFile; fileRef = 4C11CDA7254F6050006E960C /* AppColors.swift */; };
		4C60B727254F620F0075DDE1 /* UIColor+Extensions.swift in Sources */ = {isa = PBXBuildFile; fileRef = 4C60B726254F620F0075DDE1 /* UIColor+Extensions.swift */; };
		4C60B72B254F63A70075DDE1 /* BeersListItemCell.swift in Sources */ = {isa = PBXBuildFile; fileRef = 4C60B729254F63A70075DDE1 /* BeersListItemCell.swift */; };
		4C60B72C254F63A70075DDE1 /* BeersListItemCell.xib in Resources */ = {isa = PBXBuildFile; fileRef = 4C60B72A254F63A70075DDE1 /* BeersListItemCell.xib */; };
		4C60B72F254F68180075DDE1 /* BeersListItemStyle.swift in Sources */ = {isa = PBXBuildFile; fileRef = 4C60B72E254F68180075DDE1 /* BeersListItemStyle.swift */; };
		4C60B733254F68550075DDE1 /* LabelStyle.swift in Sources */ = {isa = PBXBuildFile; fileRef = 4C60B732254F68550075DDE1 /* LabelStyle.swift */; };
		4C60B737254F6C140075DDE1 /* UITableView+Extensions.swift in Sources */ = {isa = PBXBuildFile; fileRef = 4C60B736254F6C140075DDE1 /* UITableView+Extensions.swift */; };
		4C6F6D17254E0263004FD828 /* AppDelegate.swift in Sources */ = {isa = PBXBuildFile; fileRef = 4C6F6D16254E0263004FD828 /* AppDelegate.swift */; };
		4C6F6D20254E0263004FD828 /* Assets.xcassets in Resources */ = {isa = PBXBuildFile; fileRef = 4C6F6D1F254E0263004FD828 /* Assets.xcassets */; };
		4C6F6D23254E0263004FD828 /* LaunchScreen.storyboard in Resources */ = {isa = PBXBuildFile; fileRef = 4C6F6D21254E0263004FD828 /* LaunchScreen.storyboard */; };
		4C6F6D34254E0F19004FD828 /* RootTabBarController.swift in Sources */ = {isa = PBXBuildFile; fileRef = 4C6F6D33254E0F19004FD828 /* RootTabBarController.swift */; };
		4C6F6D39254E12F8004FD828 /* ControlTower.swift in Sources */ = {isa = PBXBuildFile; fileRef = 4C6F6D38254E12F8004FD828 /* ControlTower.swift */; };
		4C6F6D3D254E1462004FD828 /* ControlTowerCommonContext.swift in Sources */ = {isa = PBXBuildFile; fileRef = 4C6F6D3C254E1462004FD828 /* ControlTowerCommonContext.swift */; };
		4C6F6DA4254F0477004FD828 /* AppNavigationContainerKind.swift in Sources */ = {isa = PBXBuildFile; fileRef = 4C6F6DA3254F0477004FD828 /* AppNavigationContainerKind.swift */; };
		4C6F6DA8254F0957004FD828 /* NavigationContainer.swift in Sources */ = {isa = PBXBuildFile; fileRef = 4C6F6DA7254F0957004FD828 /* NavigationContainer.swift */; };
		4C6F6DB8254F11E2004FD828 /* AppNavigator.swift in Sources */ = {isa = PBXBuildFile; fileRef = 4C6F6DB7254F11E2004FD828 /* AppNavigator.swift */; };
		4C6F6DBB254F1318004FD828 /* ScreensFactory.swift in Sources */ = {isa = PBXBuildFile; fileRef = 4C6F6DBA254F1318004FD828 /* ScreensFactory.swift */; };
		4C6F6DBF254F14D0004FD828 /* BeersListVC.swift in Sources */ = {isa = PBXBuildFile; fileRef = 4C6F6DBE254F14D0004FD828 /* BeersListVC.swift */; };
		4C6F6DC3254F14DC004FD828 /* BeersListVM.swift in Sources */ = {isa = PBXBuildFile; fileRef = 4C6F6DC2254F14DC004FD828 /* BeersListVM.swift */; };
		4C6F6DCB254F1540004FD828 /* FavoriteBeersVC.swift in Sources */ = {isa = PBXBuildFile; fileRef = 4C6F6DCA254F1540004FD828 /* FavoriteBeersVC.swift */; };
		DB6EA38F044BC48654710FBD /* Pods_BeersApp.framework in Frameworks */ = {isa = PBXBuildFile; fileRef = C868D3C906E863A4AA5A2F95 /* Pods_BeersApp.framework */; };
/* End PBXBuildFile section */

/* Begin PBXFileReference section */
		4C11CD56254F16AE006E960C /* FavoriteBeersVM.swift */ = {isa = PBXFileReference; lastKnownFileType = sourcecode.swift; path = FavoriteBeersVM.swift; sourceTree = "<group>"; };
		4C11CD5C254F17CB006E960C /* BeerDetailsVC.swift */ = {isa = PBXFileReference; lastKnownFileType = sourcecode.swift; path = BeerDetailsVC.swift; sourceTree = "<group>"; };
		4C11CD61254F17E7006E960C /* BeerDetailsVM.swift */ = {isa = PBXFileReference; lastKnownFileType = sourcecode.swift; path = BeerDetailsVM.swift; sourceTree = "<group>"; };
		4C11CD6D254F20EE006E960C /* NavigatorType.swift */ = {isa = PBXFileReference; lastKnownFileType = sourcecode.swift; path = NavigatorType.swift; sourceTree = "<group>"; };
		4C11CD72254F224D006E960C /* TabBarDataProvider.swift */ = {isa = PBXFileReference; lastKnownFileType = sourcecode.swift; path = TabBarDataProvider.swift; sourceTree = "<group>"; };
		4C11CD79254F3456006E960C /* Contexts.swift */ = {isa = PBXFileReference; lastKnownFileType = sourcecode.swift; path = Contexts.swift; sourceTree = "<group>"; };
		4C11CD7C254F3545006E960C /* ContextProvider.swift */ = {isa = PBXFileReference; lastKnownFileType = sourcecode.swift; path = ContextProvider.swift; sourceTree = "<group>"; };
		4C11CD89254F4486006E960C /* en */ = {isa = PBXFileReference; lastKnownFileType = text.plist.strings; name = en; path = en.lproj/Localizable.strings; sourceTree = "<group>"; };
		4C11CD8F254F50D9006E960C /* BeersListStyle.swift */ = {isa = PBXFileReference; lastKnownFileType = sourcecode.swift; path = BeersListStyle.swift; sourceTree = "<group>"; };
		4C11CD93254F51E5006E960C /* BeersListItemVM.swift */ = {isa = PBXFileReference; lastKnownFileType = sourcecode.swift; path = BeersListItemVM.swift; sourceTree = "<group>"; };
		4C11CD98254F5351006E960C /* WeakCapture.swift */ = {isa = PBXFileReference; lastKnownFileType = sourcecode.swift; path = WeakCapture.swift; sourceTree = "<group>"; };
		4C11CD9C254F558D006E960C /* ButtonStyle.swift */ = {isa = PBXFileReference; lastKnownFileType = sourcecode.swift; path = ButtonStyle.swift; sourceTree = "<group>"; };
		4C11CDA7254F6050006E960C /* AppColors.swift */ = {isa = PBXFileReference; lastKnownFileType = sourcecode.swift; path = AppColors.swift; sourceTree = "<group>"; };
		4C60B726254F620F0075DDE1 /* UIColor+Extensions.swift */ = {isa = PBXFileReference; lastKnownFileType = sourcecode.swift; path = "UIColor+Extensions.swift"; sourceTree = "<group>"; };
		4C60B729254F63A70075DDE1 /* BeersListItemCell.swift */ = {isa = PBXFileReference; lastKnownFileType = sourcecode.swift; path = BeersListItemCell.swift; sourceTree = "<group>"; };
		4C60B72A254F63A70075DDE1 /* BeersListItemCell.xib */ = {isa = PBXFileReference; lastKnownFileType = file.xib; path = BeersListItemCell.xib; sourceTree = "<group>"; };
		4C60B72E254F68180075DDE1 /* BeersListItemStyle.swift */ = {isa = PBXFileReference; lastKnownFileType = sourcecode.swift; path = BeersListItemStyle.swift; sourceTree = "<group>"; };
		4C60B732254F68550075DDE1 /* LabelStyle.swift */ = {isa = PBXFileReference; lastKnownFileType = sourcecode.swift; path = LabelStyle.swift; sourceTree = "<group>"; };
		4C60B736254F6C140075DDE1 /* UITableView+Extensions.swift */ = {isa = PBXFileReference; lastKnownFileType = sourcecode.swift; path = "UITableView+Extensions.swift"; sourceTree = "<group>"; };
		4C6F6D13254E0263004FD828 /* BeersApp.app */ = {isa = PBXFileReference; explicitFileType = wrapper.application; includeInIndex = 0; path = BeersApp.app; sourceTree = BUILT_PRODUCTS_DIR; };
		4C6F6D16254E0263004FD828 /* AppDelegate.swift */ = {isa = PBXFileReference; lastKnownFileType = sourcecode.swift; path = AppDelegate.swift; sourceTree = "<group>"; };
		4C6F6D1F254E0263004FD828 /* Assets.xcassets */ = {isa = PBXFileReference; lastKnownFileType = folder.assetcatalog; path = Assets.xcassets; sourceTree = "<group>"; };
		4C6F6D22254E0263004FD828 /* Base */ = {isa = PBXFileReference; lastKnownFileType = file.storyboard; name = Base; path = Base.lproj/LaunchScreen.storyboard; sourceTree = "<group>"; };
		4C6F6D24254E0263004FD828 /* Info.plist */ = {isa = PBXFileReference; lastKnownFileType = text.plist.xml; path = Info.plist; sourceTree = "<group>"; };
		4C6F6D33254E0F19004FD828 /* RootTabBarController.swift */ = {isa = PBXFileReference; lastKnownFileType = sourcecode.swift; path = RootTabBarController.swift; sourceTree = "<group>"; };
		4C6F6D38254E12F8004FD828 /* ControlTower.swift */ = {isa = PBXFileReference; lastKnownFileType = sourcecode.swift; path = ControlTower.swift; sourceTree = "<group>"; };
		4C6F6D3C254E1462004FD828 /* ControlTowerCommonContext.swift */ = {isa = PBXFileReference; lastKnownFileType = sourcecode.swift; path = ControlTowerCommonContext.swift; sourceTree = "<group>"; };
		4C6F6DA3254F0477004FD828 /* AppNavigationContainerKind.swift */ = {isa = PBXFileReference; lastKnownFileType = sourcecode.swift; path = AppNavigationContainerKind.swift; sourceTree = "<group>"; };
		4C6F6DA7254F0957004FD828 /* NavigationContainer.swift */ = {isa = PBXFileReference; lastKnownFileType = sourcecode.swift; path = NavigationContainer.swift; sourceTree = "<group>"; };
		4C6F6DB7254F11E2004FD828 /* AppNavigator.swift */ = {isa = PBXFileReference; lastKnownFileType = sourcecode.swift; path = AppNavigator.swift; sourceTree = "<group>"; };
		4C6F6DBA254F1318004FD828 /* ScreensFactory.swift */ = {isa = PBXFileReference; lastKnownFileType = sourcecode.swift; path = ScreensFactory.swift; sourceTree = "<group>"; };
		4C6F6DBE254F14D0004FD828 /* BeersListVC.swift */ = {isa = PBXFileReference; lastKnownFileType = sourcecode.swift; path = BeersListVC.swift; sourceTree = "<group>"; };
		4C6F6DC2254F14DC004FD828 /* BeersListVM.swift */ = {isa = PBXFileReference; lastKnownFileType = sourcecode.swift; path = BeersListVM.swift; sourceTree = "<group>"; };
		4C6F6DCA254F1540004FD828 /* FavoriteBeersVC.swift */ = {isa = PBXFileReference; lastKnownFileType = sourcecode.swift; path = FavoriteBeersVC.swift; sourceTree = "<group>"; };
		907782CB85B8F49CD978D2C6 /* Pods-BeersApp.debug.xcconfig */ = {isa = PBXFileReference; includeInIndex = 1; lastKnownFileType = text.xcconfig; name = "Pods-BeersApp.debug.xcconfig"; path = "Target Support Files/Pods-BeersApp/Pods-BeersApp.debug.xcconfig"; sourceTree = "<group>"; };
		B0AD11786F9D8F1FBBC71633 /* Pods-BeersApp.release.xcconfig */ = {isa = PBXFileReference; includeInIndex = 1; lastKnownFileType = text.xcconfig; name = "Pods-BeersApp.release.xcconfig"; path = "Target Support Files/Pods-BeersApp/Pods-BeersApp.release.xcconfig"; sourceTree = "<group>"; };
		C868D3C906E863A4AA5A2F95 /* Pods_BeersApp.framework */ = {isa = PBXFileReference; explicitFileType = wrapper.framework; includeInIndex = 0; path = Pods_BeersApp.framework; sourceTree = BUILT_PRODUCTS_DIR; };
/* End PBXFileReference section */

/* Begin PBXFrameworksBuildPhase section */
		4C6F6D10254E0263004FD828 /* Frameworks */ = {
			isa = PBXFrameworksBuildPhase;
			buildActionMask = 2147483647;
			files = (
				DB6EA38F044BC48654710FBD /* Pods_BeersApp.framework in Frameworks */,
			);
			runOnlyForDeploymentPostprocessing = 0;
		};
/* End PBXFrameworksBuildPhase section */

/* Begin PBXGroup section */
		2EABC3B8EE5BFDB8B732AC7D /* Pods */ = {
			isa = PBXGroup;
			children = (
				907782CB85B8F49CD978D2C6 /* Pods-BeersApp.debug.xcconfig */,
				B0AD11786F9D8F1FBBC71633 /* Pods-BeersApp.release.xcconfig */,
			);
			path = Pods;
			sourceTree = "<group>";
		};
		4C11CD5A254F16F8006E960C /* RootTabBar */ = {
			isa = PBXGroup;
			children = (
				4C6F6D33254E0F19004FD828 /* RootTabBarController.swift */,
				4C11CD72254F224D006E960C /* TabBarDataProvider.swift */,
			);
			path = RootTabBar;
			sourceTree = "<group>";
		};
		4C11CD5B254F17BE006E960C /* BeerDetails */ = {
			isa = PBXGroup;
			children = (
				4C11CD61254F17E7006E960C /* BeerDetailsVM.swift */,
				4C11CD5C254F17CB006E960C /* BeerDetailsVC.swift */,
			);
			path = BeerDetails;
			sourceTree = "<group>";
		};
		4C11CD70254F2207006E960C /* Navigator */ = {
			isa = PBXGroup;
			children = (
				4C6F6DBA254F1318004FD828 /* ScreensFactory.swift */,
				4C11CD6D254F20EE006E960C /* NavigatorType.swift */,
				4C6F6DB7254F11E2004FD828 /* AppNavigator.swift */,
			);
			path = Navigator;
			sourceTree = "<group>";
		};
		4C11CD92254F51D2006E960C /* Cell */ = {
			isa = PBXGroup;
			children = (
				4C60B72E254F68180075DDE1 /* BeersListItemStyle.swift */,
				4C11CD93254F51E5006E960C /* BeersListItemVM.swift */,
				4C60B729254F63A70075DDE1 /* BeersListItemCell.swift */,
				4C60B72A254F63A70075DDE1 /* BeersListItemCell.xib */,
			);
			path = Cell;
			sourceTree = "<group>";
		};
		4C11CD97254F530F006E960C /* Extensions */ = {
			isa = PBXGroup;
			children = (
				4C11CD98254F5351006E960C /* WeakCapture.swift */,
				4C60B726254F620F0075DDE1 /* UIColor+Extensions.swift */,
				4C60B736254F6C140075DDE1 /* UITableView+Extensions.swift */,
			);
			path = Extensions;
			sourceTree = "<group>";
		};
		4C11CD9B254F556B006E960C /* Styles */ = {
			isa = PBXGroup;
			children = (
				4C11CD9C254F558D006E960C /* ButtonStyle.swift */,
				4C60B732254F68550075DDE1 /* LabelStyle.swift */,
				4C11CDA7254F6050006E960C /* AppColors.swift */,
			);
			path = Styles;
			sourceTree = "<group>";
		};
		4C6F6D0A254E0263004FD828 = {
			isa = PBXGroup;
			children = (
				4C6F6D15254E0263004FD828 /* BeersApp */,
				4C6F6D16254E0263004FD828 /* AppDelegate.swift */,
				4C6F6D14254E0263004FD828 /* Products */,
				2EABC3B8EE5BFDB8B732AC7D /* Pods */,
				A44E75369B1D9B8F3CEDF933 /* Frameworks */,
			);
			sourceTree = "<group>";
		};
		4C6F6D14254E0263004FD828 /* Products */ = {
			isa = PBXGroup;
			children = (
				4C6F6D13254E0263004FD828 /* BeersApp.app */,
			);
			name = Products;
			sourceTree = "<group>";
		};
		4C6F6D15254E0263004FD828 /* BeersApp */ = {
			isa = PBXGroup;
			children = (
				4C6F6DCD254F1580004FD828 /* Common */,
				4C6F6DCE254F1586004FD828 /* Internal */,
				4C6F6D32254E0CD9004FD828 /* Resources */,
			);
			path = BeersApp;
			sourceTree = "<group>";
		};
		4C6F6D32254E0CD9004FD828 /* Resources */ = {
			isa = PBXGroup;
			children = (
				4C6F6D1F254E0263004FD828 /* Assets.xcassets */,
				4C6F6D24254E0263004FD828 /* Info.plist */,
				4C6F6D21254E0263004FD828 /* LaunchScreen.storyboard */,
				4C11CD8A254F4486006E960C /* Localizable.strings */,
			);
			path = Resources;
			sourceTree = "<group>";
		};
		4C6F6D37254E12D8004FD828 /* Context */ = {
			isa = PBXGroup;
			children = (
				4C6F6D38254E12F8004FD828 /* ControlTower.swift */,
				4C6F6D3C254E1462004FD828 /* ControlTowerCommonContext.swift */,
				4C11CD79254F3456006E960C /* Contexts.swift */,
				4C11CD7C254F3545006E960C /* ContextProvider.swift */,
			);
			path = Context;
			sourceTree = "<group>";
		};
		4C6F6D40254E19C5004FD828 /* Navigation */ = {
			isa = PBXGroup;
			children = (
				4C11CD70254F2207006E960C /* Navigator */,
				4C6F6DA6254F0942004FD828 /* NavigationContainer */,
			);
			path = Navigation;
			sourceTree = "<group>";
		};
		4C6F6DA6254F0942004FD828 /* NavigationContainer */ = {
			isa = PBXGroup;
			children = (
				4C6F6DA3254F0477004FD828 /* AppNavigationContainerKind.swift */,
				4C6F6DA7254F0957004FD828 /* NavigationContainer.swift */,
			);
			path = NavigationContainer;
			sourceTree = "<group>";
		};
		4C6F6DBD254F14BD004FD828 /* BeersList */ = {
			isa = PBXGroup;
			children = (
				4C11CD92254F51D2006E960C /* Cell */,
				4C11CD8F254F50D9006E960C /* BeersListStyle.swift */,
				4C6F6DC2254F14DC004FD828 /* BeersListVM.swift */,
				4C6F6DBE254F14D0004FD828 /* BeersListVC.swift */,
			);
			path = BeersList;
			sourceTree = "<group>";
		};
		4C6F6DC6254F1516004FD828 /* Favorites */ = {
			isa = PBXGroup;
			children = (
				4C11CD56254F16AE006E960C /* FavoriteBeersVM.swift */,
				4C6F6DCA254F1540004FD828 /* FavoriteBeersVC.swift */,
			);
			path = Favorites;
			sourceTree = "<group>";
		};
		4C6F6DCD254F1580004FD828 /* Common */ = {
			isa = PBXGroup;
			children = (
				4C11CD9B254F556B006E960C /* Styles */,
				4C11CD97254F530F006E960C /* Extensions */,
				4C6F6D37254E12D8004FD828 /* Context */,
				4C6F6D40254E19C5004FD828 /* Navigation */,
			);
			path = Common;
			sourceTree = "<group>";
		};
		4C6F6DCE254F1586004FD828 /* Internal */ = {
			isa = PBXGroup;
			children = (
				4C11CD5A254F16F8006E960C /* RootTabBar */,
				4C6F6DBD254F14BD004FD828 /* BeersList */,
				4C6F6DC6254F1516004FD828 /* Favorites */,
				4C11CD5B254F17BE006E960C /* BeerDetails */,
			);
			path = Internal;
			sourceTree = "<group>";
		};
		A44E75369B1D9B8F3CEDF933 /* Frameworks */ = {
			isa = PBXGroup;
			children = (
				C868D3C906E863A4AA5A2F95 /* Pods_BeersApp.framework */,
			);
			name = Frameworks;
			sourceTree = "<group>";
		};
/* End PBXGroup section */

/* Begin PBXNativeTarget section */
		4C6F6D12254E0263004FD828 /* BeersApp */ = {
			isa = PBXNativeTarget;
			buildConfigurationList = 4C6F6D27254E0263004FD828 /* Build configuration list for PBXNativeTarget "BeersApp" */;
			buildPhases = (
				4DA133846446A7B7B088123A /* [CP] Check Pods Manifest.lock */,
				4C6F6D0F254E0263004FD828 /* Sources */,
				4C6F6D10254E0263004FD828 /* Frameworks */,
				4C6F6D11254E0263004FD828 /* Resources */,
				1D0F4039320BBA5D244AEB54 /* [CP] Embed Pods Frameworks */,
			);
			buildRules = (
			);
			dependencies = (
			);
			name = BeersApp;
			productName = BeersApp;
			productReference = 4C6F6D13254E0263004FD828 /* BeersApp.app */;
			productType = "com.apple.product-type.application";
		};
/* End PBXNativeTarget section */

/* Begin PBXProject section */
		4C6F6D0B254E0263004FD828 /* Project object */ = {
			isa = PBXProject;
			attributes = {
				LastSwiftUpdateCheck = 1210;
				LastUpgradeCheck = 1210;
				TargetAttributes = {
					4C6F6D12254E0263004FD828 = {
						CreatedOnToolsVersion = 12.1;
					};
				};
			};
			buildConfigurationList = 4C6F6D0E254E0263004FD828 /* Build configuration list for PBXProject "BeersApp" */;
			compatibilityVersion = "Xcode 9.3";
			developmentRegion = en;
			hasScannedForEncodings = 0;
			knownRegions = (
				en,
				Base,
			);
			mainGroup = 4C6F6D0A254E0263004FD828;
			productRefGroup = 4C6F6D14254E0263004FD828 /* Products */;
			projectDirPath = "";
			projectRoot = "";
			targets = (
				4C6F6D12254E0263004FD828 /* BeersApp */,
			);
		};
/* End PBXProject section */

/* Begin PBXResourcesBuildPhase section */
		4C6F6D11254E0263004FD828 /* Resources */ = {
			isa = PBXResourcesBuildPhase;
			buildActionMask = 2147483647;
			files = (
				4C6F6D23254E0263004FD828 /* LaunchScreen.storyboard in Resources */,
				4C11CD88254F4486006E960C /* Localizable.strings in Resources */,
				4C60B72C254F63A70075DDE1 /* BeersListItemCell.xib in Resources */,
				4C6F6D20254E0263004FD828 /* Assets.xcassets in Resources */,
			);
			runOnlyForDeploymentPostprocessing = 0;
		};
/* End PBXResourcesBuildPhase section */

/* Begin PBXShellScriptBuildPhase section */
		1D0F4039320BBA5D244AEB54 /* [CP] Embed Pods Frameworks */ = {
			isa = PBXShellScriptBuildPhase;
			buildActionMask = 2147483647;
			files = (
			);
			inputFileListPaths = (
				"${PODS_ROOT}/Target Support Files/Pods-BeersApp/Pods-BeersApp-frameworks-${CONFIGURATION}-input-files.xcfilelist",
			);
			name = "[CP] Embed Pods Frameworks";
			outputFileListPaths = (
				"${PODS_ROOT}/Target Support Files/Pods-BeersApp/Pods-BeersApp-frameworks-${CONFIGURATION}-output-files.xcfilelist",
			);
			runOnlyForDeploymentPostprocessing = 0;
			shellPath = /bin/sh;
			shellScript = "\"${PODS_ROOT}/Target Support Files/Pods-BeersApp/Pods-BeersApp-frameworks.sh\"\n";
			showEnvVarsInLog = 0;
		};
		4DA133846446A7B7B088123A /* [CP] Check Pods Manifest.lock */ = {
			isa = PBXShellScriptBuildPhase;
			buildActionMask = 2147483647;
			files = (
			);
			inputFileListPaths = (
			);
			inputPaths = (
				"${PODS_PODFILE_DIR_PATH}/Podfile.lock",
				"${PODS_ROOT}/Manifest.lock",
			);
			name = "[CP] Check Pods Manifest.lock";
			outputFileListPaths = (
			);
			outputPaths = (
				"$(DERIVED_FILE_DIR)/Pods-BeersApp-checkManifestLockResult.txt",
			);
			runOnlyForDeploymentPostprocessing = 0;
			shellPath = /bin/sh;
			shellScript = "diff \"${PODS_PODFILE_DIR_PATH}/Podfile.lock\" \"${PODS_ROOT}/Manifest.lock\" > /dev/null\nif [ $? != 0 ] ; then\n    # print error to STDERR\n    echo \"error: The sandbox is not in sync with the Podfile.lock. Run 'pod install' or update your CocoaPods installation.\" >&2\n    exit 1\nfi\n# This output is used by Xcode 'outputs' to avoid re-running this script phase.\necho \"SUCCESS\" > \"${SCRIPT_OUTPUT_FILE_0}\"\n";
			showEnvVarsInLog = 0;
		};
/* End PBXShellScriptBuildPhase section */

/* Begin PBXSourcesBuildPhase section */
		4C6F6D0F254E0263004FD828 /* Sources */ = {
			isa = PBXSourcesBuildPhase;
			buildActionMask = 2147483647;
			files = (
				4C6F6DA4254F0477004FD828 /* AppNavigationContainerKind.swift in Sources */,
				4C60B72F254F68180075DDE1 /* BeersListItemStyle.swift in Sources */,
				4C11CD62254F17E7006E960C /* BeerDetailsVM.swift in Sources */,
				4C11CD99254F5351006E960C /* WeakCapture.swift in Sources */,
				4C11CD6E254F20EE006E960C /* NavigatorType.swift in Sources */,
				4C11CD94254F51E5006E960C /* BeersListItemVM.swift in Sources */,
				4C11CDA8254F6050006E960C /* AppColors.swift in Sources */,
				4C11CD7D254F3545006E960C /* ContextProvider.swift in Sources */,
				4C6F6DBB254F1318004FD828 /* ScreensFactory.swift in Sources */,
				4C11CD90254F50D9006E960C /* BeersListStyle.swift in Sources */,
				4C11CD5D254F17CB006E960C /* BeerDetailsVC.swift in Sources */,
				4C11CD9D254F558D006E960C /* ButtonStyle.swift in Sources */,
				4C6F6D34254E0F19004FD828 /* RootTabBarController.swift in Sources */,
				4C6F6D3D254E1462004FD828 /* ControlTowerCommonContext.swift in Sources */,
				4C6F6DA8254F0957004FD828 /* NavigationContainer.swift in Sources */,
				4C60B737254F6C140075DDE1 /* UITableView+Extensions.swift in Sources */,
				4C6F6DC3254F14DC004FD828 /* BeersListVM.swift in Sources */,
				4C60B733254F68550075DDE1 /* LabelStyle.swift in Sources */,
				4C11CD57254F16AF006E960C /* FavoriteBeersVM.swift in Sources */,
				4C11CD73254F224D006E960C /* TabBarDataProvider.swift in Sources */,
				4C60B72B254F63A70075DDE1 /* BeersListItemCell.swift in Sources */,
				4C6F6DBF254F14D0004FD828 /* BeersListVC.swift in Sources */,
				4C11CD7A254F3456006E960C /* Contexts.swift in Sources */,
				4C60B727254F620F0075DDE1 /* UIColor+Extensions.swift in Sources */,
				4C6F6D17254E0263004FD828 /* AppDelegate.swift in Sources */,
				4C6F6DB8254F11E2004FD828 /* AppNavigator.swift in Sources */,
				4C6F6DCB254F1540004FD828 /* FavoriteBeersVC.swift in Sources */,
				4C6F6D39254E12F8004FD828 /* ControlTower.swift in Sources */,
			);
			runOnlyForDeploymentPostprocessing = 0;
		};
/* End PBXSourcesBuildPhase section */

/* Begin PBXVariantGroup section */
		4C11CD8A254F4486006E960C /* Localizable.strings */ = {
			isa = PBXVariantGroup;
			children = (
				4C11CD89254F4486006E960C /* en */,
			);
			name = Localizable.strings;
			sourceTree = "<group>";
		};
		4C6F6D21254E0263004FD828 /* LaunchScreen.storyboard */ = {
			isa = PBXVariantGroup;
			children = (
				4C6F6D22254E0263004FD828 /* Base */,
			);
			name = LaunchScreen.storyboard;
			sourceTree = "<group>";
		};
/* End PBXVariantGroup section */

/* Begin XCBuildConfiguration section */
		4C6F6D25254E0263004FD828 /* Debug */ = {
			isa = XCBuildConfiguration;
			buildSettings = {
				ALWAYS_SEARCH_USER_PATHS = NO;
				CLANG_ANALYZER_NONNULL = YES;
				CLANG_ANALYZER_NUMBER_OBJECT_CONVERSION = YES_AGGRESSIVE;
				CLANG_CXX_LANGUAGE_STANDARD = "gnu++14";
				CLANG_CXX_LIBRARY = "libc++";
				CLANG_ENABLE_MODULES = YES;
				CLANG_ENABLE_OBJC_ARC = YES;
				CLANG_ENABLE_OBJC_WEAK = YES;
				CLANG_WARN_BLOCK_CAPTURE_AUTORELEASING = YES;
				CLANG_WARN_BOOL_CONVERSION = YES;
				CLANG_WARN_COMMA = YES;
				CLANG_WARN_CONSTANT_CONVERSION = YES;
				CLANG_WARN_DEPRECATED_OBJC_IMPLEMENTATIONS = YES;
				CLANG_WARN_DIRECT_OBJC_ISA_USAGE = YES_ERROR;
				CLANG_WARN_DOCUMENTATION_COMMENTS = YES;
				CLANG_WARN_EMPTY_BODY = YES;
				CLANG_WARN_ENUM_CONVERSION = YES;
				CLANG_WARN_INFINITE_RECURSION = YES;
				CLANG_WARN_INT_CONVERSION = YES;
				CLANG_WARN_NON_LITERAL_NULL_CONVERSION = YES;
				CLANG_WARN_OBJC_IMPLICIT_RETAIN_SELF = YES;
				CLANG_WARN_OBJC_LITERAL_CONVERSION = YES;
				CLANG_WARN_OBJC_ROOT_CLASS = YES_ERROR;
				CLANG_WARN_QUOTED_INCLUDE_IN_FRAMEWORK_HEADER = YES;
				CLANG_WARN_RANGE_LOOP_ANALYSIS = YES;
				CLANG_WARN_STRICT_PROTOTYPES = YES;
				CLANG_WARN_SUSPICIOUS_MOVE = YES;
				CLANG_WARN_UNGUARDED_AVAILABILITY = YES_AGGRESSIVE;
				CLANG_WARN_UNREACHABLE_CODE = YES;
				CLANG_WARN__DUPLICATE_METHOD_MATCH = YES;
				COPY_PHASE_STRIP = NO;
				DEBUG_INFORMATION_FORMAT = dwarf;
				ENABLE_STRICT_OBJC_MSGSEND = YES;
				ENABLE_TESTABILITY = YES;
				GCC_C_LANGUAGE_STANDARD = gnu11;
				GCC_DYNAMIC_NO_PIC = NO;
				GCC_NO_COMMON_BLOCKS = YES;
				GCC_OPTIMIZATION_LEVEL = 0;
				GCC_PREPROCESSOR_DEFINITIONS = (
					"DEBUG=1",
					"$(inherited)",
				);
				GCC_WARN_64_TO_32_BIT_CONVERSION = YES;
				GCC_WARN_ABOUT_RETURN_TYPE = YES_ERROR;
				GCC_WARN_UNDECLARED_SELECTOR = YES;
				GCC_WARN_UNINITIALIZED_AUTOS = YES_AGGRESSIVE;
				GCC_WARN_UNUSED_FUNCTION = YES;
				GCC_WARN_UNUSED_VARIABLE = YES;
				IPHONEOS_DEPLOYMENT_TARGET = 14.1;
				MTL_ENABLE_DEBUG_INFO = INCLUDE_SOURCE;
				MTL_FAST_MATH = YES;
				ONLY_ACTIVE_ARCH = YES;
				SDKROOT = iphoneos;
				SWIFT_ACTIVE_COMPILATION_CONDITIONS = DEBUG;
				SWIFT_OPTIMIZATION_LEVEL = "-Onone";
			};
			name = Debug;
		};
		4C6F6D26254E0263004FD828 /* Release */ = {
			isa = XCBuildConfiguration;
			buildSettings = {
				ALWAYS_SEARCH_USER_PATHS = NO;
				CLANG_ANALYZER_NONNULL = YES;
				CLANG_ANALYZER_NUMBER_OBJECT_CONVERSION = YES_AGGRESSIVE;
				CLANG_CXX_LANGUAGE_STANDARD = "gnu++14";
				CLANG_CXX_LIBRARY = "libc++";
				CLANG_ENABLE_MODULES = YES;
				CLANG_ENABLE_OBJC_ARC = YES;
				CLANG_ENABLE_OBJC_WEAK = YES;
				CLANG_WARN_BLOCK_CAPTURE_AUTORELEASING = YES;
				CLANG_WARN_BOOL_CONVERSION = YES;
				CLANG_WARN_COMMA = YES;
				CLANG_WARN_CONSTANT_CONVERSION = YES;
				CLANG_WARN_DEPRECATED_OBJC_IMPLEMENTATIONS = YES;
				CLANG_WARN_DIRECT_OBJC_ISA_USAGE = YES_ERROR;
				CLANG_WARN_DOCUMENTATION_COMMENTS = YES;
				CLANG_WARN_EMPTY_BODY = YES;
				CLANG_WARN_ENUM_CONVERSION = YES;
				CLANG_WARN_INFINITE_RECURSION = YES;
				CLANG_WARN_INT_CONVERSION = YES;
				CLANG_WARN_NON_LITERAL_NULL_CONVERSION = YES;
				CLANG_WARN_OBJC_IMPLICIT_RETAIN_SELF = YES;
				CLANG_WARN_OBJC_LITERAL_CONVERSION = YES;
				CLANG_WARN_OBJC_ROOT_CLASS = YES_ERROR;
				CLANG_WARN_QUOTED_INCLUDE_IN_FRAMEWORK_HEADER = YES;
				CLANG_WARN_RANGE_LOOP_ANALYSIS = YES;
				CLANG_WARN_STRICT_PROTOTYPES = YES;
				CLANG_WARN_SUSPICIOUS_MOVE = YES;
				CLANG_WARN_UNGUARDED_AVAILABILITY = YES_AGGRESSIVE;
				CLANG_WARN_UNREACHABLE_CODE = YES;
				CLANG_WARN__DUPLICATE_METHOD_MATCH = YES;
				COPY_PHASE_STRIP = NO;
				DEBUG_INFORMATION_FORMAT = "dwarf-with-dsym";
				ENABLE_NS_ASSERTIONS = NO;
				ENABLE_STRICT_OBJC_MSGSEND = YES;
				GCC_C_LANGUAGE_STANDARD = gnu11;
				GCC_NO_COMMON_BLOCKS = YES;
				GCC_WARN_64_TO_32_BIT_CONVERSION = YES;
				GCC_WARN_ABOUT_RETURN_TYPE = YES_ERROR;
				GCC_WARN_UNDECLARED_SELECTOR = YES;
				GCC_WARN_UNINITIALIZED_AUTOS = YES_AGGRESSIVE;
				GCC_WARN_UNUSED_FUNCTION = YES;
				GCC_WARN_UNUSED_VARIABLE = YES;
				IPHONEOS_DEPLOYMENT_TARGET = 14.1;
				MTL_ENABLE_DEBUG_INFO = NO;
				MTL_FAST_MATH = YES;
				SDKROOT = iphoneos;
				SWIFT_COMPILATION_MODE = wholemodule;
				SWIFT_OPTIMIZATION_LEVEL = "-O";
				VALIDATE_PRODUCT = YES;
			};
			name = Release;
		};
		4C6F6D28254E0263004FD828 /* Debug */ = {
			isa = XCBuildConfiguration;
			baseConfigurationReference = 907782CB85B8F49CD978D2C6 /* Pods-BeersApp.debug.xcconfig */;
			buildSettings = {
				ASSETCATALOG_COMPILER_APPICON_NAME = AppIcon;
				ASSETCATALOG_COMPILER_GLOBAL_ACCENT_COLOR_NAME = AccentColor;
				CODE_SIGN_STYLE = Automatic;
				DEVELOPMENT_TEAM = AVUC8VQ6A7;
				INFOPLIST_FILE = "$(SRCROOT)/BeersApp/Resources/Info.plist";
				LD_RUNPATH_SEARCH_PATHS = (
					"$(inherited)",
					"@executable_path/Frameworks",
				);
				PRODUCT_BUNDLE_IDENTIFIER = verodanilova.BeersApp;
				PRODUCT_NAME = "$(TARGET_NAME)";
				SWIFT_VERSION = 5.0;
				TARGETED_DEVICE_FAMILY = "1,2";
			};
			name = Debug;
		};
		4C6F6D29254E0263004FD828 /* Release */ = {
			isa = XCBuildConfiguration;
			baseConfigurationReference = B0AD11786F9D8F1FBBC71633 /* Pods-BeersApp.release.xcconfig */;
			buildSettings = {
				ASSETCATALOG_COMPILER_APPICON_NAME = AppIcon;
				ASSETCATALOG_COMPILER_GLOBAL_ACCENT_COLOR_NAME = AccentColor;
				CODE_SIGN_STYLE = Automatic;
				DEVELOPMENT_TEAM = AVUC8VQ6A7;
				INFOPLIST_FILE = "$(SRCROOT)/BeersApp/Resources/Info.plist";
				LD_RUNPATH_SEARCH_PATHS = (
					"$(inherited)",
					"@executable_path/Frameworks",
				);
				PRODUCT_BUNDLE_IDENTIFIER = verodanilova.BeersApp;
				PRODUCT_NAME = "$(TARGET_NAME)";
				SWIFT_VERSION = 5.0;
				TARGETED_DEVICE_FAMILY = "1,2";
			};
			name = Release;
		};
/* End XCBuildConfiguration section */

/* Begin XCConfigurationList section */
		4C6F6D0E254E0263004FD828 /* Build configuration list for PBXProject "BeersApp" */ = {
			isa = XCConfigurationList;
			buildConfigurations = (
				4C6F6D25254E0263004FD828 /* Debug */,
				4C6F6D26254E0263004FD828 /* Release */,
			);
			defaultConfigurationIsVisible = 0;
			defaultConfigurationName = Release;
		};
		4C6F6D27254E0263004FD828 /* Build configuration list for PBXNativeTarget "BeersApp" */ = {
			isa = XCConfigurationList;
			buildConfigurations = (
				4C6F6D28254E0263004FD828 /* Debug */,
				4C6F6D29254E0263004FD828 /* Release */,
			);
			defaultConfigurationIsVisible = 0;
			defaultConfigurationName = Release;
		};
/* End XCConfigurationList section */
	};
	rootObject = 4C6F6D0B254E0263004FD828 /* Project object */;
}
