// !$*UTF8*$!
{
	archiveVersion = 1;
	classes = {
	};
	objectVersion = 51;
	objects = {

/* Begin PBXBuildFile section */
		4C03028D26178C9400D81A3C /* BeerListBaseHeaderStyle.swift in Sources */ = {isa = PBXBuildFile; fileRef = 4C03028C26178C9400D81A3C /* BeerListBaseHeaderStyle.swift */; };
		4C03029126178D3C00D81A3C /* BeerListBaseHeaderView.swift in Sources */ = {isa = PBXBuildFile; fileRef = 4C03029026178D3C00D81A3C /* BeerListBaseHeaderView.swift */; };
		4C0302942617971600D81A3C /* FiltersButton.swift in Sources */ = {isa = PBXBuildFile; fileRef = 4C0302932617971600D81A3C /* FiltersButton.swift */; };
		4C040D9F25585F6C008904E0 /* BeersListInteractor.swift in Sources */ = {isa = PBXBuildFile; fileRef = 4C040D9E25585F6C008904E0 /* BeersListInteractor.swift */; };
		4C040DA72558818A008904E0 /* FavoritesInteractor.swift in Sources */ = {isa = PBXBuildFile; fileRef = 4C040DA62558818A008904E0 /* FavoritesInteractor.swift */; };
		4C11CD57254F16AF006E960C /* FavoritesVM.swift in Sources */ = {isa = PBXBuildFile; fileRef = 4C11CD56254F16AE006E960C /* FavoritesVM.swift */; };
		4C11CD5D254F17CB006E960C /* BeerDetailsVC.swift in Sources */ = {isa = PBXBuildFile; fileRef = 4C11CD5C254F17CB006E960C /* BeerDetailsVC.swift */; };
		4C11CD62254F17E7006E960C /* BeerDetailsVM.swift in Sources */ = {isa = PBXBuildFile; fileRef = 4C11CD61254F17E7006E960C /* BeerDetailsVM.swift */; };
		4C11CD6E254F20EE006E960C /* NavigatorType.swift in Sources */ = {isa = PBXBuildFile; fileRef = 4C11CD6D254F20EE006E960C /* NavigatorType.swift */; };
		4C11CD73254F224D006E960C /* TabBarDataProvider.swift in Sources */ = {isa = PBXBuildFile; fileRef = 4C11CD72254F224D006E960C /* TabBarDataProvider.swift */; };
		4C11CD7A254F3456006E960C /* Contexts.swift in Sources */ = {isa = PBXBuildFile; fileRef = 4C11CD79254F3456006E960C /* Contexts.swift */; };
		4C11CD7D254F3545006E960C /* ContextProvider.swift in Sources */ = {isa = PBXBuildFile; fileRef = 4C11CD7C254F3545006E960C /* ContextProvider.swift */; };
		4C11CD88254F4486006E960C /* Localizable.strings in Resources */ = {isa = PBXBuildFile; fileRef = 4C11CD8A254F4486006E960C /* Localizable.strings */; };
		4C11CD90254F50D9006E960C /* BeersListStyle.swift in Sources */ = {isa = PBXBuildFile; fileRef = 4C11CD8F254F50D9006E960C /* BeersListStyle.swift */; };
		4C11CD99254F5351006E960C /* WeakCapture.swift in Sources */ = {isa = PBXBuildFile; fileRef = 4C11CD98254F5351006E960C /* WeakCapture.swift */; };
		4C11CD9D254F558D006E960C /* ButtonStyle.swift in Sources */ = {isa = PBXBuildFile; fileRef = 4C11CD9C254F558D006E960C /* ButtonStyle.swift */; };
		4C11CDA8254F6050006E960C /* BeerColors.swift in Sources */ = {isa = PBXBuildFile; fileRef = 4C11CDA7254F6050006E960C /* BeerColors.swift */; };
		4C340A5225532B9500EE54EA /* AppConfiguration.swift in Sources */ = {isa = PBXBuildFile; fileRef = 4C340A5125532B9500EE54EA /* AppConfiguration.swift */; };
		4C340A6C25534BD400EE54EA /* NSManagedObjectContext+Inserting.swift in Sources */ = {isa = PBXBuildFile; fileRef = 4C340A6B25534BD400EE54EA /* NSManagedObjectContext+Inserting.swift */; };
		4C340A6F25534CD700EE54EA /* NSManagedObjectContext+Deleting.swift in Sources */ = {isa = PBXBuildFile; fileRef = 4C340A6E25534CD700EE54EA /* NSManagedObjectContext+Deleting.swift */; };
		4C340AB82556F23300EE54EA /* UIImageView+Loading.swift in Sources */ = {isa = PBXBuildFile; fileRef = 4C340AB72556F23300EE54EA /* UIImageView+Loading.swift */; };
		4C340ABE255707FB00EE54EA /* BeersListFooterView.swift in Sources */ = {isa = PBXBuildFile; fileRef = 4C340ABD255707FB00EE54EA /* BeersListFooterView.swift */; };
		4C340AC1255708BF00EE54EA /* BeersListFooterStyle.swift in Sources */ = {isa = PBXBuildFile; fileRef = 4C340AC0255708BF00EE54EA /* BeersListFooterStyle.swift */; };
		4C340AC62557248200EE54EA /* BeerDetailsStyle.swift in Sources */ = {isa = PBXBuildFile; fileRef = 4C340AC52557248200EE54EA /* BeerDetailsStyle.swift */; };
		4C340ACA2557307800EE54EA /* UIView+Loadable.swift in Sources */ = {isa = PBXBuildFile; fileRef = 4C340AC92557307800EE54EA /* UIView+Loadable.swift */; };
		4C340ACE255730F100EE54EA /* BeerDetailsInfoView.swift in Sources */ = {isa = PBXBuildFile; fileRef = 4C340ACD255730F100EE54EA /* BeerDetailsInfoView.swift */; };
		4C340AD1255730FA00EE54EA /* BeerDetailsInfoView.xib in Resources */ = {isa = PBXBuildFile; fileRef = 4C340AD0255730FA00EE54EA /* BeerDetailsInfoView.xib */; };
		4C340AD425573F8300EE54EA /* BeerDetailsInfoStyle.swift in Sources */ = {isa = PBXBuildFile; fileRef = 4C340AD325573F8300EE54EA /* BeerDetailsInfoStyle.swift */; };
		4C340AD8255744C100EE54EA /* BeerDetailsInfoVM.swift in Sources */ = {isa = PBXBuildFile; fileRef = 4C340AD7255744C100EE54EA /* BeerDetailsInfoVM.swift */; };
		4C340AE02558370E00EE54EA /* ViewStyle.swift in Sources */ = {isa = PBXBuildFile; fileRef = 4C340ADF2558370E00EE54EA /* ViewStyle.swift */; };
		4C340AEF25585A3500EE54EA /* BeerListItem.swift in Sources */ = {isa = PBXBuildFile; fileRef = 4C340AEE25585A3500EE54EA /* BeerListItem.swift */; };
		4C5D474426065EC00051EFA2 /* ConfigurationStrings.swift in Sources */ = {isa = PBXBuildFile; fileRef = 4C5D474326065EC00051EFA2 /* ConfigurationStrings.swift */; };
		4C5D47D326066D740051EFA2 /* BeersCore.framework in Frameworks */ = {isa = PBXBuildFile; fileRef = 4C5D47D226066D740051EFA2 /* BeersCore.framework */; };
		4C5D47D426066D740051EFA2 /* BeersCore.framework in Embed Frameworks */ = {isa = PBXBuildFile; fileRef = 4C5D47D226066D740051EFA2 /* BeersCore.framework */; settings = {ATTRIBUTES = (CodeSignOnCopy, RemoveHeadersOnCopy, ); }; };
		4C60B727254F620F0075DDE1 /* UIColor+Extensions.swift in Sources */ = {isa = PBXBuildFile; fileRef = 4C60B726254F620F0075DDE1 /* UIColor+Extensions.swift */; };
		4C60B72B254F63A70075DDE1 /* BeersListItemCell.swift in Sources */ = {isa = PBXBuildFile; fileRef = 4C60B729254F63A70075DDE1 /* BeersListItemCell.swift */; };
		4C60B72C254F63A70075DDE1 /* BeersListItemCell.xib in Resources */ = {isa = PBXBuildFile; fileRef = 4C60B72A254F63A70075DDE1 /* BeersListItemCell.xib */; };
		4C60B72F254F68180075DDE1 /* BeersListItemStyle.swift in Sources */ = {isa = PBXBuildFile; fileRef = 4C60B72E254F68180075DDE1 /* BeersListItemStyle.swift */; };
		4C60B733254F68550075DDE1 /* LabelStyle.swift in Sources */ = {isa = PBXBuildFile; fileRef = 4C60B732254F68550075DDE1 /* LabelStyle.swift */; };
		4C60B737254F6C140075DDE1 /* UITableView+Extensions.swift in Sources */ = {isa = PBXBuildFile; fileRef = 4C60B736254F6C140075DDE1 /* UITableView+Extensions.swift */; };
		4C664FAA25BDE40C00765BE7 /* Colors.xcassets in Resources */ = {isa = PBXBuildFile; fileRef = 4C664FA925BDE40C00765BE7 /* Colors.xcassets */; };
		4C664FEE25BDF4BA00765BE7 /* UIColor+Colors.swift in Sources */ = {isa = PBXBuildFile; fileRef = 4C664FED25BDF4BA00765BE7 /* UIColor+Colors.swift */; };
		4C6F6D17254E0263004FD828 /* AppDelegate.swift in Sources */ = {isa = PBXBuildFile; fileRef = 4C6F6D16254E0263004FD828 /* AppDelegate.swift */; };
		4C6F6D20254E0263004FD828 /* Assets.xcassets in Resources */ = {isa = PBXBuildFile; fileRef = 4C6F6D1F254E0263004FD828 /* Assets.xcassets */; };
		4C6F6D23254E0263004FD828 /* LaunchScreen.storyboard in Resources */ = {isa = PBXBuildFile; fileRef = 4C6F6D21254E0263004FD828 /* LaunchScreen.storyboard */; };
		4C6F6D34254E0F19004FD828 /* RootTabBarController.swift in Sources */ = {isa = PBXBuildFile; fileRef = 4C6F6D33254E0F19004FD828 /* RootTabBarController.swift */; };
		4C6F6D39254E12F8004FD828 /* ControlTower.swift in Sources */ = {isa = PBXBuildFile; fileRef = 4C6F6D38254E12F8004FD828 /* ControlTower.swift */; };
		4C6F6D3D254E1462004FD828 /* ControlTowerCommonContext.swift in Sources */ = {isa = PBXBuildFile; fileRef = 4C6F6D3C254E1462004FD828 /* ControlTowerCommonContext.swift */; };
		4C6F6DA4254F0477004FD828 /* AppNavigationContainerKind.swift in Sources */ = {isa = PBXBuildFile; fileRef = 4C6F6DA3254F0477004FD828 /* AppNavigationContainerKind.swift */; };
		4C6F6DA8254F0957004FD828 /* NavigationContainer.swift in Sources */ = {isa = PBXBuildFile; fileRef = 4C6F6DA7254F0957004FD828 /* NavigationContainer.swift */; };
		4C6F6DB8254F11E2004FD828 /* AppNavigator.swift in Sources */ = {isa = PBXBuildFile; fileRef = 4C6F6DB7254F11E2004FD828 /* AppNavigator.swift */; };
		4C6F6DBB254F1318004FD828 /* ScreensFactory.swift in Sources */ = {isa = PBXBuildFile; fileRef = 4C6F6DBA254F1318004FD828 /* ScreensFactory.swift */; };
		4C6F6DBF254F14D0004FD828 /* BeersListVC.swift in Sources */ = {isa = PBXBuildFile; fileRef = 4C6F6DBE254F14D0004FD828 /* BeersListVC.swift */; };
		4C6F6DC3254F14DC004FD828 /* BeersListVM.swift in Sources */ = {isa = PBXBuildFile; fileRef = 4C6F6DC2254F14DC004FD828 /* BeersListVM.swift */; };
		4C705E342610FCF30049ABB5 /* CGFloat+Extensions.swift in Sources */ = {isa = PBXBuildFile; fileRef = 4C705E332610FCF30049ABB5 /* CGFloat+Extensions.swift */; };
		4C7653C22610E0C40073A20F /* BeerListConfigurator.swift in Sources */ = {isa = PBXBuildFile; fileRef = 4C7653C12610E0C40073A20F /* BeerListConfigurator.swift */; };
		4CA6684E26067F0900B346E5 /* WidgetKit.framework in Frameworks */ = {isa = PBXBuildFile; fileRef = 4CA6682026067C0700B346E5 /* WidgetKit.framework */; };
		4CA6684F26067F0900B346E5 /* SwiftUI.framework in Frameworks */ = {isa = PBXBuildFile; fileRef = 4CA6682226067C0700B346E5 /* SwiftUI.framework */; };
		4CA6685226067F0900B346E5 /* BeerOfTheDayWidget.swift in Sources */ = {isa = PBXBuildFile; fileRef = 4CA6685126067F0900B346E5 /* BeerOfTheDayWidget.swift */; };
		4CA6685526067F0900B346E5 /* Assets.xcassets in Resources */ = {isa = PBXBuildFile; fileRef = 4CA6685426067F0900B346E5 /* Assets.xcassets */; };
		4CA6685B26067F0900B346E5 /* BeerOfTheDayWidgetExtension.appex in Embed App Extensions */ = {isa = PBXBuildFile; fileRef = 4CA6684D26067F0900B346E5 /* BeerOfTheDayWidgetExtension.appex */; settings = {ATTRIBUTES = (RemoveHeadersOnCopy, ); }; };
		4CA6686726067F3F00B346E5 /* LargeEntryView.swift in Sources */ = {isa = PBXBuildFile; fileRef = 4CA6684026067CBB00B346E5 /* LargeEntryView.swift */; };
		4CA6686A26067F4200B346E5 /* MediumEntryView.swift in Sources */ = {isa = PBXBuildFile; fileRef = 4CA6683D26067CB200B346E5 /* MediumEntryView.swift */; };
		4CA6686F26067F4400B346E5 /* SmallEntryView.swift in Sources */ = {isa = PBXBuildFile; fileRef = 4CA6683726067C5C00B346E5 /* SmallEntryView.swift */; };
		4CA668872606831900B346E5 /* WidgetBeerInfo.swift in Sources */ = {isa = PBXBuildFile; fileRef = 4CA6687B2606810800B346E5 /* WidgetBeerInfo.swift */; };
		4CA6688A2606831E00B346E5 /* WidgetColor.swift in Sources */ = {isa = PBXBuildFile; fileRef = 4CA668832606823A00B346E5 /* WidgetColor.swift */; };
		4CA6688D2606837300B346E5 /* CommonViews.swift in Sources */ = {isa = PBXBuildFile; fileRef = 4CA668762606803300B346E5 /* CommonViews.swift */; };
		4CA668932606913F00B346E5 /* WidgetFont.swift in Sources */ = {isa = PBXBuildFile; fileRef = 4CA668902606909900B346E5 /* WidgetFont.swift */; };
		4CA6689926069F9A00B346E5 /* WidgetAPIClient.swift in Sources */ = {isa = PBXBuildFile; fileRef = 4CA6689626069F9600B346E5 /* WidgetAPIClient.swift */; };
		4CA668B626077E3000B346E5 /* WidgetManager.swift in Sources */ = {isa = PBXBuildFile; fileRef = 4CA668B526077E3000B346E5 /* WidgetManager.swift */; };
		4CA668BF2607FD6800B346E5 /* BeerDetailsInteractor.swift in Sources */ = {isa = PBXBuildFile; fileRef = 4CA668BE2607FD6800B346E5 /* BeerDetailsInteractor.swift */; };
		4CA668C726080B3700B346E5 /* UIView+Extensions.swift in Sources */ = {isa = PBXBuildFile; fileRef = 4CA668C626080B3700B346E5 /* UIView+Extensions.swift */; };
		4CA668CE26092FEE00B346E5 /* BeerDetailsFoodPairingView.swift in Sources */ = {isa = PBXBuildFile; fileRef = 4CA668CD26092FEE00B346E5 /* BeerDetailsFoodPairingView.swift */; };
		4CA668D7260937D900B346E5 /* BeerDetailsFoodPairingVM.swift in Sources */ = {isa = PBXBuildFile; fileRef = 4CA668D6260937D900B346E5 /* BeerDetailsFoodPairingVM.swift */; };
		4CA668DC260938F200B346E5 /* BeerDetailsFoodPairingStyle.swift in Sources */ = {isa = PBXBuildFile; fileRef = 4CA668DB260938F200B346E5 /* BeerDetailsFoodPairingStyle.swift */; };
		4CA668E32609487700B346E5 /* String+Extensions.swift in Sources */ = {isa = PBXBuildFile; fileRef = 4CA668E22609487700B346E5 /* String+Extensions.swift */; };
		4CBCC70F260F8BE700204BE0 /* FavoritesStyle.swift in Sources */ = {isa = PBXBuildFile; fileRef = 4CBCC70E260F8BE700204BE0 /* FavoritesStyle.swift */; };
		4CBCC712260F8FE500204BE0 /* BeerDetailsConfigurator.swift in Sources */ = {isa = PBXBuildFile; fileRef = 4CBCC711260F8FE500204BE0 /* BeerDetailsConfigurator.swift */; };
		4CBCC716260F931900204BE0 /* FavoritesConfigurator.swift in Sources */ = {isa = PBXBuildFile; fileRef = 4CBCC715260F931900204BE0 /* FavoritesConfigurator.swift */; };
		4CBCC71A260F951B00204BE0 /* UIColor+BeerColors.swift in Sources */ = {isa = PBXBuildFile; fileRef = 4CBCC719260F951B00204BE0 /* UIColor+BeerColors.swift */; };
		4CDDE10C260F60E400EFB234 /* CrimsonText-Bold.ttf in Resources */ = {isa = PBXBuildFile; fileRef = 4CDDE106260F60E300EFB234 /* CrimsonText-Bold.ttf */; };
		4CDDE10D260F60E400EFB234 /* CrimsonText-SemiboldItalic.ttf in Resources */ = {isa = PBXBuildFile; fileRef = 4CDDE107260F60E300EFB234 /* CrimsonText-SemiboldItalic.ttf */; };
		4CDDE10E260F60E400EFB234 /* CrimsonText-BoldItalic.ttf in Resources */ = {isa = PBXBuildFile; fileRef = 4CDDE108260F60E300EFB234 /* CrimsonText-BoldItalic.ttf */; };
		4CDDE10F260F60E400EFB234 /* CrimsonText-Semibold.ttf in Resources */ = {isa = PBXBuildFile; fileRef = 4CDDE109260F60E300EFB234 /* CrimsonText-Semibold.ttf */; };
		4CDDE110260F60E400EFB234 /* CrimsonText-Italic.ttf in Resources */ = {isa = PBXBuildFile; fileRef = 4CDDE10A260F60E300EFB234 /* CrimsonText-Italic.ttf */; };
		4CDDE111260F60E400EFB234 /* CrimsonText-Roman.ttf in Resources */ = {isa = PBXBuildFile; fileRef = 4CDDE10B260F60E400EFB234 /* CrimsonText-Roman.ttf */; };
		4CDDE114260F61E500EFB234 /* UIFont+AppFonts.swift in Sources */ = {isa = PBXBuildFile; fileRef = 4CDDE113260F61E500EFB234 /* UIFont+AppFonts.swift */; };
		4CDDE117260F6F8B00EFB234 /* FavoritesVC.swift in Sources */ = {isa = PBXBuildFile; fileRef = 4CDDE116260F6F8B00EFB234 /* FavoritesVC.swift */; };
		4CDDE11A260F72B200EFB234 /* FavoritesCollectionViewLayout.swift in Sources */ = {isa = PBXBuildFile; fileRef = 4CDDE119260F72B100EFB234 /* FavoritesCollectionViewLayout.swift */; };
		4CDDE11E260F743C00EFB234 /* FavoritesCollectionViewCell.swift in Sources */ = {isa = PBXBuildFile; fileRef = 4CDDE11C260F743C00EFB234 /* FavoritesCollectionViewCell.swift */; };
		4CDDE11F260F743C00EFB234 /* FavoritesCollectionViewCell.xib in Resources */ = {isa = PBXBuildFile; fileRef = 4CDDE11D260F743C00EFB234 /* FavoritesCollectionViewCell.xib */; };
		4CDDE123260F89E200EFB234 /* FavoritesCellStyle.swift in Sources */ = {isa = PBXBuildFile; fileRef = 4CDDE122260F89E200EFB234 /* FavoritesCellStyle.swift */; };
		4CF93DAB255894CD00EC6D61 /* BaseBottomSheetVC.swift in Sources */ = {isa = PBXBuildFile; fileRef = 4CF93DAA255894CD00EC6D61 /* BaseBottomSheetVC.swift */; };
		4CF93DB5255898B700EC6D61 /* BottomSheetContentViewDelegate.swift in Sources */ = {isa = PBXBuildFile; fileRef = 4CF93DB4255898B700EC6D61 /* BottomSheetContentViewDelegate.swift */; };
		4CF93DB82558995600EC6D61 /* CALayer+Shadow.swift in Sources */ = {isa = PBXBuildFile; fileRef = 4CF93DB72558995600EC6D61 /* CALayer+Shadow.swift */; };
		4CF93DBC25589A5B00EC6D61 /* BeerFiltersBottomSheetVC.swift in Sources */ = {isa = PBXBuildFile; fileRef = 4CF93DBB25589A5B00EC6D61 /* BeerFiltersBottomSheetVC.swift */; };
		4CF93DBF25589B3F00EC6D61 /* BeerFiltersBottomSheetVM.swift in Sources */ = {isa = PBXBuildFile; fileRef = 4CF93DBE25589B3F00EC6D61 /* BeerFiltersBottomSheetVM.swift */; };
		4CF93DC625589B5D00EC6D61 /* BeerFiltersBottomSheetStyle.swift in Sources */ = {isa = PBXBuildFile; fileRef = 4CF93DC525589B5D00EC6D61 /* BeerFiltersBottomSheetStyle.swift */; };
		4CF93DCA25589BFA00EC6D61 /* BottomSheetContentView.swift in Sources */ = {isa = PBXBuildFile; fileRef = 4CF93DC925589BFA00EC6D61 /* BottomSheetContentView.swift */; };
		4CF93DE52559889400EC6D61 /* FiltersBottomSheetView.swift in Sources */ = {isa = PBXBuildFile; fileRef = 4CF93DE42559889400EC6D61 /* FiltersBottomSheetView.swift */; };
		4CF93DEB255988C500EC6D61 /* FiltersBottomSheetView.xib in Resources */ = {isa = PBXBuildFile; fileRef = 4CF93DEA255988C500EC6D61 /* FiltersBottomSheetView.xib */; };
		4CF93DEF2559921E00EC6D61 /* RangeSlider.swift in Sources */ = {isa = PBXBuildFile; fileRef = 4CF93DEE2559921E00EC6D61 /* RangeSlider.swift */; };
		4CF93DF42559A6C100EC6D61 /* RangeSliderTrackLayer.swift in Sources */ = {isa = PBXBuildFile; fileRef = 4CF93DF32559A6C100EC6D61 /* RangeSliderTrackLayer.swift */; };
		4CF93E242559CA8F00EC6D61 /* RangeSliderThumbLayer.swift in Sources */ = {isa = PBXBuildFile; fileRef = 4CF93E232559CA8F00EC6D61 /* RangeSliderThumbLayer.swift */; };
		4CF93E292559D09F00EC6D61 /* RangeSlider+Style.swift in Sources */ = {isa = PBXBuildFile; fileRef = 4CF93E282559D09F00EC6D61 /* RangeSlider+Style.swift */; };
		4CF93EB8255AC2A300EC6D61 /* RangeSlider+Rx.swift in Sources */ = {isa = PBXBuildFile; fileRef = 4CF93EB7255AC2A200EC6D61 /* RangeSlider+Rx.swift */; };
		4CF93ECA255B097700EC6D61 /* BeerFiltersBottomSheetDelegate.swift in Sources */ = {isa = PBXBuildFile; fileRef = 4CF93EC9255B097700EC6D61 /* BeerFiltersBottomSheetDelegate.swift */; };
		4CF93ED5255C32B100EC6D61 /* BeersListHeaderView.swift in Sources */ = {isa = PBXBuildFile; fileRef = 4CF93ED4255C32B100EC6D61 /* BeersListHeaderView.swift */; };
		4CF93ED8255C32D700EC6D61 /* BeersListHeaderStyle.swift in Sources */ = {isa = PBXBuildFile; fileRef = 4CF93ED7255C32D700EC6D61 /* BeersListHeaderStyle.swift */; };
		6DE6BF875FC12B7B7149CE80 /* Pods_BeerOfTheDayWidgetExtension.framework in Frameworks */ = {isa = PBXBuildFile; fileRef = A25CEA2ACEE8C97CB7CBF7B8 /* Pods_BeerOfTheDayWidgetExtension.framework */; };
		DB6EA38F044BC48654710FBD /* Pods_BeersApp.framework in Frameworks */ = {isa = PBXBuildFile; fileRef = C868D3C906E863A4AA5A2F95 /* Pods_BeersApp.framework */; };
/* End PBXBuildFile section */

/* Begin PBXContainerItemProxy section */
		4CA6685926067F0900B346E5 /* PBXContainerItemProxy */ = {
			isa = PBXContainerItemProxy;
			containerPortal = 4C6F6D0B254E0263004FD828 /* Project object */;
			proxyType = 1;
			remoteGlobalIDString = 4CA6684C26067F0900B346E5;
			remoteInfo = BeerOfTheDayWidgetExtension;
		};
/* End PBXContainerItemProxy section */

/* Begin PBXCopyFilesBuildPhase section */
		4C5D47D526066D740051EFA2 /* Embed Frameworks */ = {
			isa = PBXCopyFilesBuildPhase;
			buildActionMask = 2147483647;
			dstPath = "";
			dstSubfolderSpec = 10;
			files = (
				4C5D47D426066D740051EFA2 /* BeersCore.framework in Embed Frameworks */,
			);
			name = "Embed Frameworks";
			runOnlyForDeploymentPostprocessing = 0;
		};
		4CA6683026067C0800B346E5 /* Embed App Extensions */ = {
			isa = PBXCopyFilesBuildPhase;
			buildActionMask = 2147483647;
			dstPath = "";
			dstSubfolderSpec = 13;
			files = (
				4CA6685B26067F0900B346E5 /* BeerOfTheDayWidgetExtension.appex in Embed App Extensions */,
			);
			name = "Embed App Extensions";
			runOnlyForDeploymentPostprocessing = 0;
		};
/* End PBXCopyFilesBuildPhase section */

/* Begin PBXFileReference section */
		271FDB2F11632AD2AC472FD5 /* Pods-BeerOfTheDayWidgetExtension.release.xcconfig */ = {isa = PBXFileReference; includeInIndex = 1; lastKnownFileType = text.xcconfig; name = "Pods-BeerOfTheDayWidgetExtension.release.xcconfig"; path = "Target Support Files/Pods-BeerOfTheDayWidgetExtension/Pods-BeerOfTheDayWidgetExtension.release.xcconfig"; sourceTree = "<group>"; };
		4C03028C26178C9400D81A3C /* BeerListBaseHeaderStyle.swift */ = {isa = PBXFileReference; lastKnownFileType = sourcecode.swift; path = BeerListBaseHeaderStyle.swift; sourceTree = "<group>"; };
		4C03029026178D3C00D81A3C /* BeerListBaseHeaderView.swift */ = {isa = PBXFileReference; lastKnownFileType = sourcecode.swift; path = BeerListBaseHeaderView.swift; sourceTree = "<group>"; };
		4C0302932617971600D81A3C /* FiltersButton.swift */ = {isa = PBXFileReference; lastKnownFileType = sourcecode.swift; path = FiltersButton.swift; sourceTree = "<group>"; };
		4C040D9E25585F6C008904E0 /* BeersListInteractor.swift */ = {isa = PBXFileReference; lastKnownFileType = sourcecode.swift; path = BeersListInteractor.swift; sourceTree = "<group>"; };
		4C040DA62558818A008904E0 /* FavoritesInteractor.swift */ = {isa = PBXFileReference; lastKnownFileType = sourcecode.swift; path = FavoritesInteractor.swift; sourceTree = "<group>"; };
		4C11CD56254F16AE006E960C /* FavoritesVM.swift */ = {isa = PBXFileReference; lastKnownFileType = sourcecode.swift; path = FavoritesVM.swift; sourceTree = "<group>"; };
		4C11CD5C254F17CB006E960C /* BeerDetailsVC.swift */ = {isa = PBXFileReference; lastKnownFileType = sourcecode.swift; path = BeerDetailsVC.swift; sourceTree = "<group>"; };
		4C11CD61254F17E7006E960C /* BeerDetailsVM.swift */ = {isa = PBXFileReference; lastKnownFileType = sourcecode.swift; path = BeerDetailsVM.swift; sourceTree = "<group>"; };
		4C11CD6D254F20EE006E960C /* NavigatorType.swift */ = {isa = PBXFileReference; lastKnownFileType = sourcecode.swift; path = NavigatorType.swift; sourceTree = "<group>"; };
		4C11CD72254F224D006E960C /* TabBarDataProvider.swift */ = {isa = PBXFileReference; lastKnownFileType = sourcecode.swift; path = TabBarDataProvider.swift; sourceTree = "<group>"; };
		4C11CD79254F3456006E960C /* Contexts.swift */ = {isa = PBXFileReference; lastKnownFileType = sourcecode.swift; path = Contexts.swift; sourceTree = "<group>"; };
		4C11CD7C254F3545006E960C /* ContextProvider.swift */ = {isa = PBXFileReference; lastKnownFileType = sourcecode.swift; path = ContextProvider.swift; sourceTree = "<group>"; };
		4C11CD89254F4486006E960C /* en */ = {isa = PBXFileReference; lastKnownFileType = text.plist.strings; name = en; path = en.lproj/Localizable.strings; sourceTree = "<group>"; };
		4C11CD8F254F50D9006E960C /* BeersListStyle.swift */ = {isa = PBXFileReference; lastKnownFileType = sourcecode.swift; path = BeersListStyle.swift; sourceTree = "<group>"; };
		4C11CD98254F5351006E960C /* WeakCapture.swift */ = {isa = PBXFileReference; lastKnownFileType = sourcecode.swift; path = WeakCapture.swift; sourceTree = "<group>"; };
		4C11CD9C254F558D006E960C /* ButtonStyle.swift */ = {isa = PBXFileReference; lastKnownFileType = sourcecode.swift; path = ButtonStyle.swift; sourceTree = "<group>"; };
		4C11CDA7254F6050006E960C /* BeerColors.swift */ = {isa = PBXFileReference; lastKnownFileType = sourcecode.swift; path = BeerColors.swift; sourceTree = "<group>"; };
		4C340A5125532B9500EE54EA /* AppConfiguration.swift */ = {isa = PBXFileReference; lastKnownFileType = sourcecode.swift; path = AppConfiguration.swift; sourceTree = "<group>"; };
		4C340A6B25534BD400EE54EA /* NSManagedObjectContext+Inserting.swift */ = {isa = PBXFileReference; lastKnownFileType = sourcecode.swift; path = "NSManagedObjectContext+Inserting.swift"; sourceTree = "<group>"; };
		4C340A6E25534CD700EE54EA /* NSManagedObjectContext+Deleting.swift */ = {isa = PBXFileReference; lastKnownFileType = sourcecode.swift; path = "NSManagedObjectContext+Deleting.swift"; sourceTree = "<group>"; };
		4C340AB72556F23300EE54EA /* UIImageView+Loading.swift */ = {isa = PBXFileReference; lastKnownFileType = sourcecode.swift; path = "UIImageView+Loading.swift"; sourceTree = "<group>"; };
		4C340ABD255707FB00EE54EA /* BeersListFooterView.swift */ = {isa = PBXFileReference; lastKnownFileType = sourcecode.swift; path = BeersListFooterView.swift; sourceTree = "<group>"; };
		4C340AC0255708BF00EE54EA /* BeersListFooterStyle.swift */ = {isa = PBXFileReference; lastKnownFileType = sourcecode.swift; path = BeersListFooterStyle.swift; sourceTree = "<group>"; };
		4C340AC52557248200EE54EA /* BeerDetailsStyle.swift */ = {isa = PBXFileReference; lastKnownFileType = sourcecode.swift; path = BeerDetailsStyle.swift; sourceTree = "<group>"; };
		4C340AC92557307800EE54EA /* UIView+Loadable.swift */ = {isa = PBXFileReference; lastKnownFileType = sourcecode.swift; path = "UIView+Loadable.swift"; sourceTree = "<group>"; };
		4C340ACD255730F100EE54EA /* BeerDetailsInfoView.swift */ = {isa = PBXFileReference; lastKnownFileType = sourcecode.swift; path = BeerDetailsInfoView.swift; sourceTree = "<group>"; };
		4C340AD0255730FA00EE54EA /* BeerDetailsInfoView.xib */ = {isa = PBXFileReference; lastKnownFileType = file.xib; path = BeerDetailsInfoView.xib; sourceTree = "<group>"; };
		4C340AD325573F8300EE54EA /* BeerDetailsInfoStyle.swift */ = {isa = PBXFileReference; lastKnownFileType = sourcecode.swift; path = BeerDetailsInfoStyle.swift; sourceTree = "<group>"; };
		4C340AD7255744C100EE54EA /* BeerDetailsInfoVM.swift */ = {isa = PBXFileReference; lastKnownFileType = sourcecode.swift; path = BeerDetailsInfoVM.swift; sourceTree = "<group>"; };
		4C340ADF2558370E00EE54EA /* ViewStyle.swift */ = {isa = PBXFileReference; lastKnownFileType = sourcecode.swift; path = ViewStyle.swift; sourceTree = "<group>"; };
		4C340AEE25585A3500EE54EA /* BeerListItem.swift */ = {isa = PBXFileReference; lastKnownFileType = sourcecode.swift; path = BeerListItem.swift; sourceTree = "<group>"; };
		4C5D46ED26065BF50051EFA2 /* BeersAPI.framework */ = {isa = PBXFileReference; explicitFileType = wrapper.framework; path = BeersAPI.framework; sourceTree = BUILT_PRODUCTS_DIR; };
		4C5D474326065EC00051EFA2 /* ConfigurationStrings.swift */ = {isa = PBXFileReference; lastKnownFileType = sourcecode.swift; path = ConfigurationStrings.swift; sourceTree = "<group>"; };
		4C5D47D226066D740051EFA2 /* BeersCore.framework */ = {isa = PBXFileReference; explicitFileType = wrapper.framework; path = BeersCore.framework; sourceTree = BUILT_PRODUCTS_DIR; };
		4C60B726254F620F0075DDE1 /* UIColor+Extensions.swift */ = {isa = PBXFileReference; lastKnownFileType = sourcecode.swift; path = "UIColor+Extensions.swift"; sourceTree = "<group>"; };
		4C60B729254F63A70075DDE1 /* BeersListItemCell.swift */ = {isa = PBXFileReference; lastKnownFileType = sourcecode.swift; path = BeersListItemCell.swift; sourceTree = "<group>"; };
		4C60B72A254F63A70075DDE1 /* BeersListItemCell.xib */ = {isa = PBXFileReference; lastKnownFileType = file.xib; path = BeersListItemCell.xib; sourceTree = "<group>"; };
		4C60B72E254F68180075DDE1 /* BeersListItemStyle.swift */ = {isa = PBXFileReference; lastKnownFileType = sourcecode.swift; path = BeersListItemStyle.swift; sourceTree = "<group>"; };
		4C60B732254F68550075DDE1 /* LabelStyle.swift */ = {isa = PBXFileReference; lastKnownFileType = sourcecode.swift; path = LabelStyle.swift; sourceTree = "<group>"; };
		4C60B736254F6C140075DDE1 /* UITableView+Extensions.swift */ = {isa = PBXFileReference; lastKnownFileType = sourcecode.swift; path = "UITableView+Extensions.swift"; sourceTree = "<group>"; };
		4C664FA925BDE40C00765BE7 /* Colors.xcassets */ = {isa = PBXFileReference; lastKnownFileType = folder.assetcatalog; path = Colors.xcassets; sourceTree = "<group>"; };
		4C664FED25BDF4BA00765BE7 /* UIColor+Colors.swift */ = {isa = PBXFileReference; fileEncoding = 4; lastKnownFileType = sourcecode.swift; path = "UIColor+Colors.swift"; sourceTree = "<group>"; };
		4C6F6D13254E0263004FD828 /* BeersApp.app */ = {isa = PBXFileReference; explicitFileType = wrapper.application; includeInIndex = 0; path = BeersApp.app; sourceTree = BUILT_PRODUCTS_DIR; };
		4C6F6D16254E0263004FD828 /* AppDelegate.swift */ = {isa = PBXFileReference; lastKnownFileType = sourcecode.swift; path = AppDelegate.swift; sourceTree = "<group>"; };
		4C6F6D1F254E0263004FD828 /* Assets.xcassets */ = {isa = PBXFileReference; lastKnownFileType = folder.assetcatalog; path = Assets.xcassets; sourceTree = "<group>"; };
		4C6F6D22254E0263004FD828 /* Base */ = {isa = PBXFileReference; lastKnownFileType = file.storyboard; name = Base; path = Base.lproj/LaunchScreen.storyboard; sourceTree = "<group>"; };
		4C6F6D24254E0263004FD828 /* Info.plist */ = {isa = PBXFileReference; lastKnownFileType = text.plist.xml; path = Info.plist; sourceTree = "<group>"; };
		4C6F6D33254E0F19004FD828 /* RootTabBarController.swift */ = {isa = PBXFileReference; lastKnownFileType = sourcecode.swift; path = RootTabBarController.swift; sourceTree = "<group>"; };
		4C6F6D38254E12F8004FD828 /* ControlTower.swift */ = {isa = PBXFileReference; lastKnownFileType = sourcecode.swift; path = ControlTower.swift; sourceTree = "<group>"; };
		4C6F6D3C254E1462004FD828 /* ControlTowerCommonContext.swift */ = {isa = PBXFileReference; lastKnownFileType = sourcecode.swift; path = ControlTowerCommonContext.swift; sourceTree = "<group>"; };
		4C6F6DA3254F0477004FD828 /* AppNavigationContainerKind.swift */ = {isa = PBXFileReference; lastKnownFileType = sourcecode.swift; path = AppNavigationContainerKind.swift; sourceTree = "<group>"; };
		4C6F6DA7254F0957004FD828 /* NavigationContainer.swift */ = {isa = PBXFileReference; lastKnownFileType = sourcecode.swift; path = NavigationContainer.swift; sourceTree = "<group>"; };
		4C6F6DB7254F11E2004FD828 /* AppNavigator.swift */ = {isa = PBXFileReference; lastKnownFileType = sourcecode.swift; path = AppNavigator.swift; sourceTree = "<group>"; };
		4C6F6DBA254F1318004FD828 /* ScreensFactory.swift */ = {isa = PBXFileReference; lastKnownFileType = sourcecode.swift; path = ScreensFactory.swift; sourceTree = "<group>"; };
		4C6F6DBE254F14D0004FD828 /* BeersListVC.swift */ = {isa = PBXFileReference; lastKnownFileType = sourcecode.swift; path = BeersListVC.swift; sourceTree = "<group>"; };
		4C6F6DC2254F14DC004FD828 /* BeersListVM.swift */ = {isa = PBXFileReference; lastKnownFileType = sourcecode.swift; path = BeersListVM.swift; sourceTree = "<group>"; };
		4C705E332610FCF30049ABB5 /* CGFloat+Extensions.swift */ = {isa = PBXFileReference; lastKnownFileType = sourcecode.swift; path = "CGFloat+Extensions.swift"; sourceTree = "<group>"; };
		4C7653C12610E0C40073A20F /* BeerListConfigurator.swift */ = {isa = PBXFileReference; lastKnownFileType = sourcecode.swift; path = BeerListConfigurator.swift; sourceTree = "<group>"; };
		4CA6682026067C0700B346E5 /* WidgetKit.framework */ = {isa = PBXFileReference; lastKnownFileType = wrapper.framework; name = WidgetKit.framework; path = System/Library/Frameworks/WidgetKit.framework; sourceTree = SDKROOT; };
		4CA6682226067C0700B346E5 /* SwiftUI.framework */ = {isa = PBXFileReference; lastKnownFileType = wrapper.framework; name = SwiftUI.framework; path = System/Library/Frameworks/SwiftUI.framework; sourceTree = SDKROOT; };
		4CA6683726067C5C00B346E5 /* SmallEntryView.swift */ = {isa = PBXFileReference; lastKnownFileType = sourcecode.swift; path = SmallEntryView.swift; sourceTree = "<group>"; };
		4CA6683D26067CB200B346E5 /* MediumEntryView.swift */ = {isa = PBXFileReference; lastKnownFileType = sourcecode.swift; path = MediumEntryView.swift; sourceTree = "<group>"; };
		4CA6684026067CBB00B346E5 /* LargeEntryView.swift */ = {isa = PBXFileReference; lastKnownFileType = sourcecode.swift; path = LargeEntryView.swift; sourceTree = "<group>"; };
		4CA6684D26067F0900B346E5 /* BeerOfTheDayWidgetExtension.appex */ = {isa = PBXFileReference; explicitFileType = "wrapper.app-extension"; includeInIndex = 0; path = BeerOfTheDayWidgetExtension.appex; sourceTree = BUILT_PRODUCTS_DIR; };
		4CA6685126067F0900B346E5 /* BeerOfTheDayWidget.swift */ = {isa = PBXFileReference; lastKnownFileType = sourcecode.swift; path = BeerOfTheDayWidget.swift; sourceTree = "<group>"; };
		4CA6685426067F0900B346E5 /* Assets.xcassets */ = {isa = PBXFileReference; lastKnownFileType = folder.assetcatalog; path = Assets.xcassets; sourceTree = "<group>"; };
		4CA6685626067F0900B346E5 /* Info.plist */ = {isa = PBXFileReference; lastKnownFileType = text.plist.xml; path = Info.plist; sourceTree = "<group>"; };
		4CA668762606803300B346E5 /* CommonViews.swift */ = {isa = PBXFileReference; lastKnownFileType = sourcecode.swift; path = CommonViews.swift; sourceTree = "<group>"; };
		4CA6687B2606810800B346E5 /* WidgetBeerInfo.swift */ = {isa = PBXFileReference; lastKnownFileType = sourcecode.swift; path = WidgetBeerInfo.swift; sourceTree = "<group>"; };
		4CA668832606823A00B346E5 /* WidgetColor.swift */ = {isa = PBXFileReference; lastKnownFileType = sourcecode.swift; path = WidgetColor.swift; sourceTree = "<group>"; };
		4CA668902606909900B346E5 /* WidgetFont.swift */ = {isa = PBXFileReference; lastKnownFileType = sourcecode.swift; path = WidgetFont.swift; sourceTree = "<group>"; };
		4CA6689626069F9600B346E5 /* WidgetAPIClient.swift */ = {isa = PBXFileReference; lastKnownFileType = sourcecode.swift; path = WidgetAPIClient.swift; sourceTree = "<group>"; };
		4CA668B526077E3000B346E5 /* WidgetManager.swift */ = {isa = PBXFileReference; lastKnownFileType = sourcecode.swift; path = WidgetManager.swift; sourceTree = "<group>"; };
		4CA668BE2607FD6800B346E5 /* BeerDetailsInteractor.swift */ = {isa = PBXFileReference; lastKnownFileType = sourcecode.swift; path = BeerDetailsInteractor.swift; sourceTree = "<group>"; };
		4CA668C626080B3700B346E5 /* UIView+Extensions.swift */ = {isa = PBXFileReference; lastKnownFileType = sourcecode.swift; path = "UIView+Extensions.swift"; sourceTree = "<group>"; };
		4CA668CD26092FEE00B346E5 /* BeerDetailsFoodPairingView.swift */ = {isa = PBXFileReference; lastKnownFileType = sourcecode.swift; path = BeerDetailsFoodPairingView.swift; sourceTree = "<group>"; };
		4CA668D6260937D900B346E5 /* BeerDetailsFoodPairingVM.swift */ = {isa = PBXFileReference; lastKnownFileType = sourcecode.swift; path = BeerDetailsFoodPairingVM.swift; sourceTree = "<group>"; };
		4CA668DB260938F200B346E5 /* BeerDetailsFoodPairingStyle.swift */ = {isa = PBXFileReference; lastKnownFileType = sourcecode.swift; path = BeerDetailsFoodPairingStyle.swift; sourceTree = "<group>"; };
		4CA668E22609487700B346E5 /* String+Extensions.swift */ = {isa = PBXFileReference; lastKnownFileType = sourcecode.swift; path = "String+Extensions.swift"; sourceTree = "<group>"; };
		4CBCC70E260F8BE700204BE0 /* FavoritesStyle.swift */ = {isa = PBXFileReference; lastKnownFileType = sourcecode.swift; path = FavoritesStyle.swift; sourceTree = "<group>"; };
		4CBCC711260F8FE500204BE0 /* BeerDetailsConfigurator.swift */ = {isa = PBXFileReference; lastKnownFileType = sourcecode.swift; path = BeerDetailsConfigurator.swift; sourceTree = "<group>"; };
		4CBCC715260F931900204BE0 /* FavoritesConfigurator.swift */ = {isa = PBXFileReference; lastKnownFileType = sourcecode.swift; path = FavoritesConfigurator.swift; sourceTree = "<group>"; };
		4CBCC719260F951B00204BE0 /* UIColor+BeerColors.swift */ = {isa = PBXFileReference; lastKnownFileType = sourcecode.swift; path = "UIColor+BeerColors.swift"; sourceTree = "<group>"; };
		4CDDE106260F60E300EFB234 /* CrimsonText-Bold.ttf */ = {isa = PBXFileReference; lastKnownFileType = file; path = "CrimsonText-Bold.ttf"; sourceTree = "<group>"; };
		4CDDE107260F60E300EFB234 /* CrimsonText-SemiboldItalic.ttf */ = {isa = PBXFileReference; lastKnownFileType = file; path = "CrimsonText-SemiboldItalic.ttf"; sourceTree = "<group>"; };
		4CDDE108260F60E300EFB234 /* CrimsonText-BoldItalic.ttf */ = {isa = PBXFileReference; lastKnownFileType = file; path = "CrimsonText-BoldItalic.ttf"; sourceTree = "<group>"; };
		4CDDE109260F60E300EFB234 /* CrimsonText-Semibold.ttf */ = {isa = PBXFileReference; lastKnownFileType = file; path = "CrimsonText-Semibold.ttf"; sourceTree = "<group>"; };
		4CDDE10A260F60E300EFB234 /* CrimsonText-Italic.ttf */ = {isa = PBXFileReference; lastKnownFileType = file; path = "CrimsonText-Italic.ttf"; sourceTree = "<group>"; };
		4CDDE10B260F60E400EFB234 /* CrimsonText-Roman.ttf */ = {isa = PBXFileReference; lastKnownFileType = file; path = "CrimsonText-Roman.ttf"; sourceTree = "<group>"; };
		4CDDE113260F61E500EFB234 /* UIFont+AppFonts.swift */ = {isa = PBXFileReference; lastKnownFileType = sourcecode.swift; path = "UIFont+AppFonts.swift"; sourceTree = "<group>"; };
		4CDDE116260F6F8B00EFB234 /* FavoritesVC.swift */ = {isa = PBXFileReference; lastKnownFileType = sourcecode.swift; path = FavoritesVC.swift; sourceTree = "<group>"; };
		4CDDE119260F72B100EFB234 /* FavoritesCollectionViewLayout.swift */ = {isa = PBXFileReference; lastKnownFileType = sourcecode.swift; path = FavoritesCollectionViewLayout.swift; sourceTree = "<group>"; };
		4CDDE11C260F743C00EFB234 /* FavoritesCollectionViewCell.swift */ = {isa = PBXFileReference; lastKnownFileType = sourcecode.swift; path = FavoritesCollectionViewCell.swift; sourceTree = "<group>"; };
		4CDDE11D260F743C00EFB234 /* FavoritesCollectionViewCell.xib */ = {isa = PBXFileReference; lastKnownFileType = file.xib; path = FavoritesCollectionViewCell.xib; sourceTree = "<group>"; };
		4CDDE122260F89E200EFB234 /* FavoritesCellStyle.swift */ = {isa = PBXFileReference; lastKnownFileType = sourcecode.swift; path = FavoritesCellStyle.swift; sourceTree = "<group>"; };
		4CF93DAA255894CD00EC6D61 /* BaseBottomSheetVC.swift */ = {isa = PBXFileReference; lastKnownFileType = sourcecode.swift; path = BaseBottomSheetVC.swift; sourceTree = "<group>"; };
		4CF93DB4255898B700EC6D61 /* BottomSheetContentViewDelegate.swift */ = {isa = PBXFileReference; lastKnownFileType = sourcecode.swift; path = BottomSheetContentViewDelegate.swift; sourceTree = "<group>"; };
		4CF93DB72558995600EC6D61 /* CALayer+Shadow.swift */ = {isa = PBXFileReference; lastKnownFileType = sourcecode.swift; path = "CALayer+Shadow.swift"; sourceTree = "<group>"; };
		4CF93DBB25589A5B00EC6D61 /* BeerFiltersBottomSheetVC.swift */ = {isa = PBXFileReference; lastKnownFileType = sourcecode.swift; path = BeerFiltersBottomSheetVC.swift; sourceTree = "<group>"; };
		4CF93DBE25589B3F00EC6D61 /* BeerFiltersBottomSheetVM.swift */ = {isa = PBXFileReference; lastKnownFileType = sourcecode.swift; path = BeerFiltersBottomSheetVM.swift; sourceTree = "<group>"; };
		4CF93DC525589B5D00EC6D61 /* BeerFiltersBottomSheetStyle.swift */ = {isa = PBXFileReference; lastKnownFileType = sourcecode.swift; path = BeerFiltersBottomSheetStyle.swift; sourceTree = "<group>"; };
		4CF93DC925589BFA00EC6D61 /* BottomSheetContentView.swift */ = {isa = PBXFileReference; lastKnownFileType = sourcecode.swift; path = BottomSheetContentView.swift; sourceTree = "<group>"; };
		4CF93DE42559889400EC6D61 /* FiltersBottomSheetView.swift */ = {isa = PBXFileReference; lastKnownFileType = sourcecode.swift; path = FiltersBottomSheetView.swift; sourceTree = "<group>"; };
		4CF93DEA255988C500EC6D61 /* FiltersBottomSheetView.xib */ = {isa = PBXFileReference; lastKnownFileType = file.xib; path = FiltersBottomSheetView.xib; sourceTree = "<group>"; };
		4CF93DEE2559921E00EC6D61 /* RangeSlider.swift */ = {isa = PBXFileReference; lastKnownFileType = sourcecode.swift; path = RangeSlider.swift; sourceTree = "<group>"; };
		4CF93DF32559A6C100EC6D61 /* RangeSliderTrackLayer.swift */ = {isa = PBXFileReference; lastKnownFileType = sourcecode.swift; path = RangeSliderTrackLayer.swift; sourceTree = "<group>"; };
		4CF93E232559CA8F00EC6D61 /* RangeSliderThumbLayer.swift */ = {isa = PBXFileReference; lastKnownFileType = sourcecode.swift; path = RangeSliderThumbLayer.swift; sourceTree = "<group>"; };
		4CF93E282559D09F00EC6D61 /* RangeSlider+Style.swift */ = {isa = PBXFileReference; lastKnownFileType = sourcecode.swift; path = "RangeSlider+Style.swift"; sourceTree = "<group>"; };
		4CF93EB7255AC2A200EC6D61 /* RangeSlider+Rx.swift */ = {isa = PBXFileReference; lastKnownFileType = sourcecode.swift; path = "RangeSlider+Rx.swift"; sourceTree = "<group>"; };
		4CF93EC9255B097700EC6D61 /* BeerFiltersBottomSheetDelegate.swift */ = {isa = PBXFileReference; lastKnownFileType = sourcecode.swift; path = BeerFiltersBottomSheetDelegate.swift; sourceTree = "<group>"; };
		4CF93ED4255C32B100EC6D61 /* BeersListHeaderView.swift */ = {isa = PBXFileReference; lastKnownFileType = sourcecode.swift; path = BeersListHeaderView.swift; sourceTree = "<group>"; };
		4CF93ED7255C32D700EC6D61 /* BeersListHeaderStyle.swift */ = {isa = PBXFileReference; lastKnownFileType = sourcecode.swift; path = BeersListHeaderStyle.swift; sourceTree = "<group>"; };
		7C9A2569962930862B73F4DA /* Pods-BeerOfTheDayWidgetExtension.debug.xcconfig */ = {isa = PBXFileReference; includeInIndex = 1; lastKnownFileType = text.xcconfig; name = "Pods-BeerOfTheDayWidgetExtension.debug.xcconfig"; path = "Target Support Files/Pods-BeerOfTheDayWidgetExtension/Pods-BeerOfTheDayWidgetExtension.debug.xcconfig"; sourceTree = "<group>"; };
		907782CB85B8F49CD978D2C6 /* Pods-BeersApp.debug.xcconfig */ = {isa = PBXFileReference; includeInIndex = 1; lastKnownFileType = text.xcconfig; name = "Pods-BeersApp.debug.xcconfig"; path = "Target Support Files/Pods-BeersApp/Pods-BeersApp.debug.xcconfig"; sourceTree = "<group>"; };
		A25CEA2ACEE8C97CB7CBF7B8 /* Pods_BeerOfTheDayWidgetExtension.framework */ = {isa = PBXFileReference; explicitFileType = wrapper.framework; includeInIndex = 0; path = Pods_BeerOfTheDayWidgetExtension.framework; sourceTree = BUILT_PRODUCTS_DIR; };
		B0AD11786F9D8F1FBBC71633 /* Pods-BeersApp.release.xcconfig */ = {isa = PBXFileReference; includeInIndex = 1; lastKnownFileType = text.xcconfig; name = "Pods-BeersApp.release.xcconfig"; path = "Target Support Files/Pods-BeersApp/Pods-BeersApp.release.xcconfig"; sourceTree = "<group>"; };
		C868D3C906E863A4AA5A2F95 /* Pods_BeersApp.framework */ = {isa = PBXFileReference; explicitFileType = wrapper.framework; includeInIndex = 0; path = Pods_BeersApp.framework; sourceTree = BUILT_PRODUCTS_DIR; };
/* End PBXFileReference section */

/* Begin PBXFrameworksBuildPhase section */
		4C6F6D10254E0263004FD828 /* Frameworks */ = {
			isa = PBXFrameworksBuildPhase;
			buildActionMask = 2147483647;
			files = (
				DB6EA38F044BC48654710FBD /* Pods_BeersApp.framework in Frameworks */,
				4C5D47D326066D740051EFA2 /* BeersCore.framework in Frameworks */,
			);
			runOnlyForDeploymentPostprocessing = 0;
		};
		4CA6684A26067F0900B346E5 /* Frameworks */ = {
			isa = PBXFrameworksBuildPhase;
			buildActionMask = 2147483647;
			files = (
				4CA6684F26067F0900B346E5 /* SwiftUI.framework in Frameworks */,
				4CA6684E26067F0900B346E5 /* WidgetKit.framework in Frameworks */,
				6DE6BF875FC12B7B7149CE80 /* Pods_BeerOfTheDayWidgetExtension.framework in Frameworks */,
			);
			runOnlyForDeploymentPostprocessing = 0;
		};
/* End PBXFrameworksBuildPhase section */

/* Begin PBXGroup section */
		2EABC3B8EE5BFDB8B732AC7D /* Pods */ = {
			isa = PBXGroup;
			children = (
				907782CB85B8F49CD978D2C6 /* Pods-BeersApp.debug.xcconfig */,
				B0AD11786F9D8F1FBBC71633 /* Pods-BeersApp.release.xcconfig */,
				7C9A2569962930862B73F4DA /* Pods-BeerOfTheDayWidgetExtension.debug.xcconfig */,
				271FDB2F11632AD2AC472FD5 /* Pods-BeerOfTheDayWidgetExtension.release.xcconfig */,
			);
			path = Pods;
			sourceTree = "<group>";
		};
		4C03028B26178C7C00D81A3C /* Base */ = {
			isa = PBXGroup;
			children = (
				4C03028C26178C9400D81A3C /* BeerListBaseHeaderStyle.swift */,
				4C03029026178D3C00D81A3C /* BeerListBaseHeaderView.swift */,
			);
			path = Base;
			sourceTree = "<group>";
		};
		4C040DAA25588B97008904E0 /* Item */ = {
			isa = PBXGroup;
			children = (
				4C340AEE25585A3500EE54EA /* BeerListItem.swift */,
				4C7653C12610E0C40073A20F /* BeerListConfigurator.swift */,
				4C60B72E254F68180075DDE1 /* BeersListItemStyle.swift */,
				4C60B729254F63A70075DDE1 /* BeersListItemCell.swift */,
				4C60B72A254F63A70075DDE1 /* BeersListItemCell.xib */,
			);
			path = Item;
			sourceTree = "<group>";
		};
		4C11CD5A254F16F8006E960C /* RootTabBar */ = {
			isa = PBXGroup;
			children = (
				4C6F6D33254E0F19004FD828 /* RootTabBarController.swift */,
				4C11CD72254F224D006E960C /* TabBarDataProvider.swift */,
			);
			path = RootTabBar;
			sourceTree = "<group>";
		};
		4C11CD5B254F17BE006E960C /* BeerDetails */ = {
			isa = PBXGroup;
			children = (
				4CA668CC26092FCA00B346E5 /* FoodPairing */,
				4C340ACC255730CB00EE54EA /* Info */,
				4C340AC52557248200EE54EA /* BeerDetailsStyle.swift */,
				4CA668BE2607FD6800B346E5 /* BeerDetailsInteractor.swift */,
				4C11CD61254F17E7006E960C /* BeerDetailsVM.swift */,
				4C11CD5C254F17CB006E960C /* BeerDetailsVC.swift */,
			);
			path = BeerDetails;
			sourceTree = "<group>";
		};
		4C11CD70254F2207006E960C /* Navigator */ = {
			isa = PBXGroup;
			children = (
				4C6F6DBA254F1318004FD828 /* ScreensFactory.swift */,
				4C11CD6D254F20EE006E960C /* NavigatorType.swift */,
				4C6F6DB7254F11E2004FD828 /* AppNavigator.swift */,
			);
			path = Navigator;
			sourceTree = "<group>";
		};
		4C11CD97254F530F006E960C /* Extensions */ = {
			isa = PBXGroup;
			children = (
				4C11CD98254F5351006E960C /* WeakCapture.swift */,
				4C60B726254F620F0075DDE1 /* UIColor+Extensions.swift */,
				4C664FED25BDF4BA00765BE7 /* UIColor+Colors.swift */,
				4CBCC719260F951B00204BE0 /* UIColor+BeerColors.swift */,
				4CDDE113260F61E500EFB234 /* UIFont+AppFonts.swift */,
				4C60B736254F6C140075DDE1 /* UITableView+Extensions.swift */,
				4C340AB72556F23300EE54EA /* UIImageView+Loading.swift */,
				4C340AC92557307800EE54EA /* UIView+Loadable.swift */,
				4CF93DB72558995600EC6D61 /* CALayer+Shadow.swift */,
				4C705E332610FCF30049ABB5 /* CGFloat+Extensions.swift */,
				4CA668E22609487700B346E5 /* String+Extensions.swift */,
				4C340A6B25534BD400EE54EA /* NSManagedObjectContext+Inserting.swift */,
				4C340A6E25534CD700EE54EA /* NSManagedObjectContext+Deleting.swift */,
				4CA668C626080B3700B346E5 /* UIView+Extensions.swift */,
			);
			path = Extensions;
			sourceTree = "<group>";
		};
		4C11CD9B254F556B006E960C /* Styles */ = {
			isa = PBXGroup;
			children = (
				4C11CD9C254F558D006E960C /* ButtonStyle.swift */,
				4C60B732254F68550075DDE1 /* LabelStyle.swift */,
				4C340ADF2558370E00EE54EA /* ViewStyle.swift */,
				4C11CDA7254F6050006E960C /* BeerColors.swift */,
			);
			path = Styles;
			sourceTree = "<group>";
		};
		4C340A5025532B8B00EE54EA /* Configuration */ = {
			isa = PBXGroup;
			children = (
				4C340A5125532B9500EE54EA /* AppConfiguration.swift */,
				4C5D474326065EC00051EFA2 /* ConfigurationStrings.swift */,
			);
			path = Configuration;
			sourceTree = "<group>";
		};
		4C340ABC255707ED00EE54EA /* Footer */ = {
			isa = PBXGroup;
			children = (
				4C340AC0255708BF00EE54EA /* BeersListFooterStyle.swift */,
				4C340ABD255707FB00EE54EA /* BeersListFooterView.swift */,
			);
			path = Footer;
			sourceTree = "<group>";
		};
		4C340ACC255730CB00EE54EA /* Info */ = {
			isa = PBXGroup;
			children = (
				4C340AD325573F8300EE54EA /* BeerDetailsInfoStyle.swift */,
				4CBCC711260F8FE500204BE0 /* BeerDetailsConfigurator.swift */,
				4C340AD7255744C100EE54EA /* BeerDetailsInfoVM.swift */,
				4C340ACD255730F100EE54EA /* BeerDetailsInfoView.swift */,
				4C340AD0255730FA00EE54EA /* BeerDetailsInfoView.xib */,
			);
			path = Info;
			sourceTree = "<group>";
		};
		4C6F6D0A254E0263004FD828 = {
			isa = PBXGroup;
			children = (
				4C6F6D15254E0263004FD828 /* BeersApp */,
				4C6F6D16254E0263004FD828 /* AppDelegate.swift */,
				4CA6685026067F0900B346E5 /* BeerOfTheDayWidget */,
				4C6F6D14254E0263004FD828 /* Products */,
				2EABC3B8EE5BFDB8B732AC7D /* Pods */,
				A44E75369B1D9B8F3CEDF933 /* Frameworks */,
			);
			sourceTree = "<group>";
		};
		4C6F6D14254E0263004FD828 /* Products */ = {
			isa = PBXGroup;
			children = (
				4C6F6D13254E0263004FD828 /* BeersApp.app */,
				4CA6684D26067F0900B346E5 /* BeerOfTheDayWidgetExtension.appex */,
			);
			name = Products;
			sourceTree = "<group>";
		};
		4C6F6D15254E0263004FD828 /* BeersApp */ = {
			isa = PBXGroup;
			children = (
				4C6F6DCD254F1580004FD828 /* Common */,
				4C6F6DCE254F1586004FD828 /* Internal */,
				4C6F6D32254E0CD9004FD828 /* Resources */,
			);
			path = BeersApp;
			sourceTree = "<group>";
		};
		4C6F6D32254E0CD9004FD828 /* Resources */ = {
			isa = PBXGroup;
			children = (
				4CDDE105260F60CF00EFB234 /* Fonts */,
				4C6F6D1F254E0263004FD828 /* Assets.xcassets */,
				4C664FA925BDE40C00765BE7 /* Colors.xcassets */,
				4C6F6D24254E0263004FD828 /* Info.plist */,
				4C6F6D21254E0263004FD828 /* LaunchScreen.storyboard */,
				4C11CD8A254F4486006E960C /* Localizable.strings */,
			);
			path = Resources;
			sourceTree = "<group>";
		};
		4C6F6D37254E12D8004FD828 /* Context */ = {
			isa = PBXGroup;
			children = (
				4C6F6D38254E12F8004FD828 /* ControlTower.swift */,
				4C6F6D3C254E1462004FD828 /* ControlTowerCommonContext.swift */,
				4C11CD79254F3456006E960C /* Contexts.swift */,
				4C11CD7C254F3545006E960C /* ContextProvider.swift */,
			);
			path = Context;
			sourceTree = "<group>";
		};
		4C6F6D40254E19C5004FD828 /* Navigation */ = {
			isa = PBXGroup;
			children = (
				4C11CD70254F2207006E960C /* Navigator */,
				4C6F6DA6254F0942004FD828 /* NavigationContainer */,
			);
			path = Navigation;
			sourceTree = "<group>";
		};
		4C6F6DA6254F0942004FD828 /* NavigationContainer */ = {
			isa = PBXGroup;
			children = (
				4C6F6DA3254F0477004FD828 /* AppNavigationContainerKind.swift */,
				4C6F6DA7254F0957004FD828 /* NavigationContainer.swift */,
			);
			path = NavigationContainer;
			sourceTree = "<group>";
		};
		4C6F6DBD254F14BD004FD828 /* BeersList */ = {
			isa = PBXGroup;
			children = (
				4C040DAA25588B97008904E0 /* Item */,
				4CF93ED3255C329A00EC6D61 /* Header */,
				4C340ABC255707ED00EE54EA /* Footer */,
				4C11CD8F254F50D9006E960C /* BeersListStyle.swift */,
				4C040D9E25585F6C008904E0 /* BeersListInteractor.swift */,
				4C6F6DC2254F14DC004FD828 /* BeersListVM.swift */,
				4C6F6DBE254F14D0004FD828 /* BeersListVC.swift */,
			);
			path = BeersList;
			sourceTree = "<group>";
		};
		4C6F6DC6254F1516004FD828 /* Favorites */ = {
			isa = PBXGroup;
			children = (
				4CBCC724260FB68300204BE0 /* Layout */,
				4CDDE121260F89CD00EFB234 /* Cell */,
				4CBCC70E260F8BE700204BE0 /* FavoritesStyle.swift */,
				4C040DA62558818A008904E0 /* FavoritesInteractor.swift */,
				4C11CD56254F16AE006E960C /* FavoritesVM.swift */,
				4CDDE116260F6F8B00EFB234 /* FavoritesVC.swift */,
			);
			path = Favorites;
			sourceTree = "<group>";
		};
		4C6F6DCD254F1580004FD828 /* Common */ = {
			isa = PBXGroup;
			children = (
				4C340A5025532B8B00EE54EA /* Configuration */,
				4C11CD9B254F556B006E960C /* Styles */,
				4C11CD97254F530F006E960C /* Extensions */,
				4C6F6D37254E12D8004FD828 /* Context */,
				4C6F6D40254E19C5004FD828 /* Navigation */,
			);
			path = Common;
			sourceTree = "<group>";
		};
		4C6F6DCE254F1586004FD828 /* Internal */ = {
			isa = PBXGroup;
			children = (
				4C11CD5A254F16F8006E960C /* RootTabBar */,
				4C6F6DBD254F14BD004FD828 /* BeersList */,
				4CF93DA92558944500EC6D61 /* BeerFiltersBottomSheet */,
				4C6F6DC6254F1516004FD828 /* Favorites */,
				4C11CD5B254F17BE006E960C /* BeerDetails */,
			);
			path = Internal;
			sourceTree = "<group>";
		};
		4CA6683626067C4500B346E5 /* Views */ = {
			isa = PBXGroup;
			children = (
				4CA668762606803300B346E5 /* CommonViews.swift */,
				4CA6683726067C5C00B346E5 /* SmallEntryView.swift */,
				4CA6683D26067CB200B346E5 /* MediumEntryView.swift */,
				4CA6684026067CBB00B346E5 /* LargeEntryView.swift */,
			);
			path = Views;
			sourceTree = "<group>";
		};
		4CA6685026067F0900B346E5 /* BeerOfTheDayWidget */ = {
			isa = PBXGroup;
			children = (
				4CA6687F2606816A00B346E5 /* Assets */,
				4CA6687A260680FB00B346E5 /* Data */,
				4CA6683626067C4500B346E5 /* Views */,
				4CA6685126067F0900B346E5 /* BeerOfTheDayWidget.swift */,
				4CA6685626067F0900B346E5 /* Info.plist */,
			);
			path = BeerOfTheDayWidget;
			sourceTree = "<group>";
		};
		4CA6687A260680FB00B346E5 /* Data */ = {
			isa = PBXGroup;
			children = (
				4CA6687B2606810800B346E5 /* WidgetBeerInfo.swift */,
				4CA6689626069F9600B346E5 /* WidgetAPIClient.swift */,
				4CA668B526077E3000B346E5 /* WidgetManager.swift */,
			);
			path = Data;
			sourceTree = "<group>";
		};
		4CA6687F2606816A00B346E5 /* Assets */ = {
			isa = PBXGroup;
			children = (
				4CA6685426067F0900B346E5 /* Assets.xcassets */,
				4CA668832606823A00B346E5 /* WidgetColor.swift */,
				4CA668902606909900B346E5 /* WidgetFont.swift */,
			);
			path = Assets;
			sourceTree = "<group>";
		};
		4CA668CC26092FCA00B346E5 /* FoodPairing */ = {
			isa = PBXGroup;
			children = (
				4CA668DB260938F200B346E5 /* BeerDetailsFoodPairingStyle.swift */,
				4CA668D6260937D900B346E5 /* BeerDetailsFoodPairingVM.swift */,
				4CA668CD26092FEE00B346E5 /* BeerDetailsFoodPairingView.swift */,
			);
			path = FoodPairing;
			sourceTree = "<group>";
		};
		4CBCC724260FB68300204BE0 /* Layout */ = {
			isa = PBXGroup;
			children = (
				4CDDE119260F72B100EFB234 /* FavoritesCollectionViewLayout.swift */,
			);
			path = Layout;
			sourceTree = "<group>";
		};
		4CDDE105260F60CF00EFB234 /* Fonts */ = {
			isa = PBXGroup;
			children = (
				4CDDE106260F60E300EFB234 /* CrimsonText-Bold.ttf */,
				4CDDE108260F60E300EFB234 /* CrimsonText-BoldItalic.ttf */,
				4CDDE10A260F60E300EFB234 /* CrimsonText-Italic.ttf */,
				4CDDE10B260F60E400EFB234 /* CrimsonText-Roman.ttf */,
				4CDDE109260F60E300EFB234 /* CrimsonText-Semibold.ttf */,
				4CDDE107260F60E300EFB234 /* CrimsonText-SemiboldItalic.ttf */,
			);
			path = Fonts;
			sourceTree = "<group>";
		};
		4CDDE121260F89CD00EFB234 /* Cell */ = {
			isa = PBXGroup;
			children = (
				4CDDE122260F89E200EFB234 /* FavoritesCellStyle.swift */,
				4CBCC715260F931900204BE0 /* FavoritesConfigurator.swift */,
				4CDDE11C260F743C00EFB234 /* FavoritesCollectionViewCell.swift */,
				4CDDE11D260F743C00EFB234 /* FavoritesCollectionViewCell.xib */,
			);
			path = Cell;
			sourceTree = "<group>";
		};
		4CF93DA92558944500EC6D61 /* BeerFiltersBottomSheet */ = {
			isa = PBXGroup;
			children = (
				4CF93E262559CADA00EC6D61 /* Slider */,
				4CF93DBA25589A4600EC6D61 /* Filters */,
				4CF93DAE2558950900EC6D61 /* Base */,
				4CF93EC9255B097700EC6D61 /* BeerFiltersBottomSheetDelegate.swift */,
				4CF93DC525589B5D00EC6D61 /* BeerFiltersBottomSheetStyle.swift */,
				4CF93DBE25589B3F00EC6D61 /* BeerFiltersBottomSheetVM.swift */,
				4CF93DBB25589A5B00EC6D61 /* BeerFiltersBottomSheetVC.swift */,
			);
			path = BeerFiltersBottomSheet;
			sourceTree = "<group>";
		};
		4CF93DAE2558950900EC6D61 /* Base */ = {
			isa = PBXGroup;
			children = (
				4CF93DAA255894CD00EC6D61 /* BaseBottomSheetVC.swift */,
				4CF93DB4255898B700EC6D61 /* BottomSheetContentViewDelegate.swift */,
				4CF93DC925589BFA00EC6D61 /* BottomSheetContentView.swift */,
			);
			path = Base;
			sourceTree = "<group>";
		};
		4CF93DBA25589A4600EC6D61 /* Filters */ = {
			isa = PBXGroup;
			children = (
				4CF93DE42559889400EC6D61 /* FiltersBottomSheetView.swift */,
				4CF93DEA255988C500EC6D61 /* FiltersBottomSheetView.xib */,
			);
			path = Filters;
			sourceTree = "<group>";
		};
		4CF93E262559CADA00EC6D61 /* Slider */ = {
			isa = PBXGroup;
			children = (
				4CF93DEE2559921E00EC6D61 /* RangeSlider.swift */,
				4CF93DF32559A6C100EC6D61 /* RangeSliderTrackLayer.swift */,
				4CF93E232559CA8F00EC6D61 /* RangeSliderThumbLayer.swift */,
				4CF93E282559D09F00EC6D61 /* RangeSlider+Style.swift */,
				4CF93EB7255AC2A200EC6D61 /* RangeSlider+Rx.swift */,
			);
			path = Slider;
			sourceTree = "<group>";
		};
		4CF93ED3255C329A00EC6D61 /* Header */ = {
			isa = PBXGroup;
			children = (
				4C03028B26178C7C00D81A3C /* Base */,
				4CF93ED7255C32D700EC6D61 /* BeersListHeaderStyle.swift */,
				4CF93ED4255C32B100EC6D61 /* BeersListHeaderView.swift */,
				4C0302932617971600D81A3C /* FiltersButton.swift */,
			);
			path = Header;
			sourceTree = "<group>";
		};
		A44E75369B1D9B8F3CEDF933 /* Frameworks */ = {
			isa = PBXGroup;
			children = (
				4C5D47D226066D740051EFA2 /* BeersCore.framework */,
				4C5D46ED26065BF50051EFA2 /* BeersAPI.framework */,
				C868D3C906E863A4AA5A2F95 /* Pods_BeersApp.framework */,
				4CA6682026067C0700B346E5 /* WidgetKit.framework */,
				4CA6682226067C0700B346E5 /* SwiftUI.framework */,
				A25CEA2ACEE8C97CB7CBF7B8 /* Pods_BeerOfTheDayWidgetExtension.framework */,
			);
			name = Frameworks;
			sourceTree = "<group>";
		};
/* End PBXGroup section */

/* Begin PBXNativeTarget section */
		4C6F6D12254E0263004FD828 /* BeersApp */ = {
			isa = PBXNativeTarget;
			buildConfigurationList = 4C6F6D27254E0263004FD828 /* Build configuration list for PBXNativeTarget "BeersApp" */;
			buildPhases = (
				4DA133846446A7B7B088123A /* [CP] Check Pods Manifest.lock */,
				4C664FBE25BDF07100765BE7 /* Generate colors using SwiftGen */,
				4C6F6D0F254E0263004FD828 /* Sources */,
				4C6F6D10254E0263004FD828 /* Frameworks */,
				4C6F6D11254E0263004FD828 /* Resources */,
				1D0F4039320BBA5D244AEB54 /* [CP] Embed Pods Frameworks */,
				4C5D47D526066D740051EFA2 /* Embed Frameworks */,
				4CA6683026067C0800B346E5 /* Embed App Extensions */,
			);
			buildRules = (
			);
			dependencies = (
				4CA6685A26067F0900B346E5 /* PBXTargetDependency */,
			);
			name = BeersApp;
			productName = BeersApp;
			productReference = 4C6F6D13254E0263004FD828 /* BeersApp.app */;
			productType = "com.apple.product-type.application";
		};
		4CA6684C26067F0900B346E5 /* BeerOfTheDayWidgetExtension */ = {
			isa = PBXNativeTarget;
			buildConfigurationList = 4CA6685C26067F0900B346E5 /* Build configuration list for PBXNativeTarget "BeerOfTheDayWidgetExtension" */;
			buildPhases = (
				3FCEAB9450D96892A921DBE4 /* [CP] Check Pods Manifest.lock */,
				4CA6684926067F0900B346E5 /* Sources */,
				4CA6684A26067F0900B346E5 /* Frameworks */,
				4CA6684B26067F0900B346E5 /* Resources */,
			);
			buildRules = (
			);
			dependencies = (
			);
			name = BeerOfTheDayWidgetExtension;
			productName = BeerOfTheDayWidgetExtension;
			productReference = 4CA6684D26067F0900B346E5 /* BeerOfTheDayWidgetExtension.appex */;
			productType = "com.apple.product-type.app-extension";
		};
/* End PBXNativeTarget section */

/* Begin PBXProject section */
		4C6F6D0B254E0263004FD828 /* Project object */ = {
			isa = PBXProject;
			attributes = {
				LastSwiftUpdateCheck = 1210;
				LastUpgradeCheck = 1210;
				TargetAttributes = {
					4C6F6D12254E0263004FD828 = {
						CreatedOnToolsVersion = 12.1;
					};
					4CA6684C26067F0900B346E5 = {
						CreatedOnToolsVersion = 12.1;
					};
				};
			};
			buildConfigurationList = 4C6F6D0E254E0263004FD828 /* Build configuration list for PBXProject "BeersApp" */;
			compatibilityVersion = "Xcode 9.3";
			developmentRegion = en;
			hasScannedForEncodings = 0;
			knownRegions = (
				en,
				Base,
			);
			mainGroup = 4C6F6D0A254E0263004FD828;
			productRefGroup = 4C6F6D14254E0263004FD828 /* Products */;
			projectDirPath = "";
			projectRoot = "";
			targets = (
				4C6F6D12254E0263004FD828 /* BeersApp */,
				4CA6684C26067F0900B346E5 /* BeerOfTheDayWidgetExtension */,
			);
		};
/* End PBXProject section */

/* Begin PBXResourcesBuildPhase section */
		4C6F6D11254E0263004FD828 /* Resources */ = {
			isa = PBXResourcesBuildPhase;
			buildActionMask = 2147483647;
			files = (
				4C340AD1255730FA00EE54EA /* BeerDetailsInfoView.xib in Resources */,
				4C6F6D23254E0263004FD828 /* LaunchScreen.storyboard in Resources */,
				4C11CD88254F4486006E960C /* Localizable.strings in Resources */,
				4C60B72C254F63A70075DDE1 /* BeersListItemCell.xib in Resources */,
				4CDDE10E260F60E400EFB234 /* CrimsonText-BoldItalic.ttf in Resources */,
				4CDDE110260F60E400EFB234 /* CrimsonText-Italic.ttf in Resources */,
				4CDDE11F260F743C00EFB234 /* FavoritesCollectionViewCell.xib in Resources */,
				4CDDE111260F60E400EFB234 /* CrimsonText-Roman.ttf in Resources */,
				4C6F6D20254E0263004FD828 /* Assets.xcassets in Resources */,
				4CF93DEB255988C500EC6D61 /* FiltersBottomSheetView.xib in Resources */,
				4CDDE10C260F60E400EFB234 /* CrimsonText-Bold.ttf in Resources */,
				4CDDE10D260F60E400EFB234 /* CrimsonText-SemiboldItalic.ttf in Resources */,
				4CDDE10F260F60E400EFB234 /* CrimsonText-Semibold.ttf in Resources */,
				4C664FAA25BDE40C00765BE7 /* Colors.xcassets in Resources */,
			);
			runOnlyForDeploymentPostprocessing = 0;
		};
		4CA6684B26067F0900B346E5 /* Resources */ = {
			isa = PBXResourcesBuildPhase;
			buildActionMask = 2147483647;
			files = (
				4CA6685526067F0900B346E5 /* Assets.xcassets in Resources */,
			);
			runOnlyForDeploymentPostprocessing = 0;
		};
/* End PBXResourcesBuildPhase section */

/* Begin PBXShellScriptBuildPhase section */
		1D0F4039320BBA5D244AEB54 /* [CP] Embed Pods Frameworks */ = {
			isa = PBXShellScriptBuildPhase;
			buildActionMask = 2147483647;
			files = (
			);
			inputFileListPaths = (
				"${PODS_ROOT}/Target Support Files/Pods-BeersApp/Pods-BeersApp-frameworks-${CONFIGURATION}-input-files.xcfilelist",
			);
			name = "[CP] Embed Pods Frameworks";
			outputFileListPaths = (
				"${PODS_ROOT}/Target Support Files/Pods-BeersApp/Pods-BeersApp-frameworks-${CONFIGURATION}-output-files.xcfilelist",
			);
			runOnlyForDeploymentPostprocessing = 0;
			shellPath = /bin/sh;
			shellScript = "\"${PODS_ROOT}/Target Support Files/Pods-BeersApp/Pods-BeersApp-frameworks.sh\"\n";
			showEnvVarsInLog = 0;
		};
		3FCEAB9450D96892A921DBE4 /* [CP] Check Pods Manifest.lock */ = {
			isa = PBXShellScriptBuildPhase;
			buildActionMask = 2147483647;
			files = (
			);
			inputFileListPaths = (
			);
			inputPaths = (
				"${PODS_PODFILE_DIR_PATH}/Podfile.lock",
				"${PODS_ROOT}/Manifest.lock",
			);
			name = "[CP] Check Pods Manifest.lock";
			outputFileListPaths = (
			);
			outputPaths = (
				"$(DERIVED_FILE_DIR)/Pods-BeerOfTheDayWidgetExtension-checkManifestLockResult.txt",
			);
			runOnlyForDeploymentPostprocessing = 0;
			shellPath = /bin/sh;
			shellScript = "diff \"${PODS_PODFILE_DIR_PATH}/Podfile.lock\" \"${PODS_ROOT}/Manifest.lock\" > /dev/null\nif [ $? != 0 ] ; then\n    # print error to STDERR\n    echo \"error: The sandbox is not in sync with the Podfile.lock. Run 'pod install' or update your CocoaPods installation.\" >&2\n    exit 1\nfi\n# This output is used by Xcode 'outputs' to avoid re-running this script phase.\necho \"SUCCESS\" > \"${SCRIPT_OUTPUT_FILE_0}\"\n";
			showEnvVarsInLog = 0;
		};
		4C664FBE25BDF07100765BE7 /* Generate colors using SwiftGen */ = {
			isa = PBXShellScriptBuildPhase;
			buildActionMask = 2147483647;
			files = (
			);
			inputFileListPaths = (
			);
			inputPaths = (
			);
			name = "Generate colors using SwiftGen";
			outputFileListPaths = (
			);
			outputPaths = (
			);
			runOnlyForDeploymentPostprocessing = 0;
			shellPath = /bin/sh;
			shellScript = "\"$PODS_ROOT/SwiftGen/bin/swiftgen\"\n";
		};
		4DA133846446A7B7B088123A /* [CP] Check Pods Manifest.lock */ = {
			isa = PBXShellScriptBuildPhase;
			buildActionMask = 2147483647;
			files = (
			);
			inputFileListPaths = (
			);
			inputPaths = (
				"${PODS_PODFILE_DIR_PATH}/Podfile.lock",
				"${PODS_ROOT}/Manifest.lock",
			);
			name = "[CP] Check Pods Manifest.lock";
			outputFileListPaths = (
			);
			outputPaths = (
				"$(DERIVED_FILE_DIR)/Pods-BeersApp-checkManifestLockResult.txt",
			);
			runOnlyForDeploymentPostprocessing = 0;
			shellPath = /bin/sh;
			shellScript = "diff \"${PODS_PODFILE_DIR_PATH}/Podfile.lock\" \"${PODS_ROOT}/Manifest.lock\" > /dev/null\nif [ $? != 0 ] ; then\n    # print error to STDERR\n    echo \"error: The sandbox is not in sync with the Podfile.lock. Run 'pod install' or update your CocoaPods installation.\" >&2\n    exit 1\nfi\n# This output is used by Xcode 'outputs' to avoid re-running this script phase.\necho \"SUCCESS\" > \"${SCRIPT_OUTPUT_FILE_0}\"\n";
			showEnvVarsInLog = 0;
		};
/* End PBXShellScriptBuildPhase section */

/* Begin PBXSourcesBuildPhase section */
		4C6F6D0F254E0263004FD828 /* Sources */ = {
			isa = PBXSourcesBuildPhase;
			buildActionMask = 2147483647;
			files = (
				4C340AD425573F8300EE54EA /* BeerDetailsInfoStyle.swift in Sources */,
				4CA668CE26092FEE00B346E5 /* BeerDetailsFoodPairingView.swift in Sources */,
				4CBCC71A260F951B00204BE0 /* UIColor+BeerColors.swift in Sources */,
				4CDDE11E260F743C00EFB234 /* FavoritesCollectionViewCell.swift in Sources */,
				4CA668D7260937D900B346E5 /* BeerDetailsFoodPairingVM.swift in Sources */,
				4C6F6DA4254F0477004FD828 /* AppNavigationContainerKind.swift in Sources */,
				4C340AE02558370E00EE54EA /* ViewStyle.swift in Sources */,
				4C60B72F254F68180075DDE1 /* BeersListItemStyle.swift in Sources */,
				4C11CD62254F17E7006E960C /* BeerDetailsVM.swift in Sources */,
				4CF93DEF2559921E00EC6D61 /* RangeSlider.swift in Sources */,
				4CA668C726080B3700B346E5 /* UIView+Extensions.swift in Sources */,
				4C340AC62557248200EE54EA /* BeerDetailsStyle.swift in Sources */,
				4C340A5225532B9500EE54EA /* AppConfiguration.swift in Sources */,
				4C11CD99254F5351006E960C /* WeakCapture.swift in Sources */,
				4CA668E32609487700B346E5 /* String+Extensions.swift in Sources */,
				4C340A6F25534CD700EE54EA /* NSManagedObjectContext+Deleting.swift in Sources */,
				4C11CD6E254F20EE006E960C /* NavigatorType.swift in Sources */,
				4CF93DCA25589BFA00EC6D61 /* BottomSheetContentView.swift in Sources */,
				4C11CDA8254F6050006E960C /* BeerColors.swift in Sources */,
				4CF93E242559CA8F00EC6D61 /* RangeSliderThumbLayer.swift in Sources */,
				4C0302942617971600D81A3C /* FiltersButton.swift in Sources */,
				4C11CD7D254F3545006E960C /* ContextProvider.swift in Sources */,
				4CF93DF42559A6C100EC6D61 /* RangeSliderTrackLayer.swift in Sources */,
				4C6F6DBB254F1318004FD828 /* ScreensFactory.swift in Sources */,
				4C340ACE255730F100EE54EA /* BeerDetailsInfoView.swift in Sources */,
				4C03028D26178C9400D81A3C /* BeerListBaseHeaderStyle.swift in Sources */,
				4C11CD90254F50D9006E960C /* BeersListStyle.swift in Sources */,
				4C340AC1255708BF00EE54EA /* BeersListFooterStyle.swift in Sources */,
				4CF93DBC25589A5B00EC6D61 /* BeerFiltersBottomSheetVC.swift in Sources */,
				4C11CD5D254F17CB006E960C /* BeerDetailsVC.swift in Sources */,
				4C11CD9D254F558D006E960C /* ButtonStyle.swift in Sources */,
				4CF93DB5255898B700EC6D61 /* BottomSheetContentViewDelegate.swift in Sources */,
				4C340A6C25534BD400EE54EA /* NSManagedObjectContext+Inserting.swift in Sources */,
				4C6F6D34254E0F19004FD828 /* RootTabBarController.swift in Sources */,
				4C040DA72558818A008904E0 /* FavoritesInteractor.swift in Sources */,
				4C6F6D3D254E1462004FD828 /* ControlTowerCommonContext.swift in Sources */,
				4CBCC712260F8FE500204BE0 /* BeerDetailsConfigurator.swift in Sources */,
				4CF93E292559D09F00EC6D61 /* RangeSlider+Style.swift in Sources */,
				4CBCC70F260F8BE700204BE0 /* FavoritesStyle.swift in Sources */,
				4CF93DE52559889400EC6D61 /* FiltersBottomSheetView.swift in Sources */,
				4C6F6DA8254F0957004FD828 /* NavigationContainer.swift in Sources */,
				4C60B737254F6C140075DDE1 /* UITableView+Extensions.swift in Sources */,
				4CBCC716260F931900204BE0 /* FavoritesConfigurator.swift in Sources */,
				4C03029126178D3C00D81A3C /* BeerListBaseHeaderView.swift in Sources */,
				4C6F6DC3254F14DC004FD828 /* BeersListVM.swift in Sources */,
				4CA668BF2607FD6800B346E5 /* BeerDetailsInteractor.swift in Sources */,
				4C340AB82556F23300EE54EA /* UIImageView+Loading.swift in Sources */,
				4C60B733254F68550075DDE1 /* LabelStyle.swift in Sources */,
				4C664FEE25BDF4BA00765BE7 /* UIColor+Colors.swift in Sources */,
				4C11CD57254F16AF006E960C /* FavoritesVM.swift in Sources */,
				4C11CD73254F224D006E960C /* TabBarDataProvider.swift in Sources */,
				4CF93ECA255B097700EC6D61 /* BeerFiltersBottomSheetDelegate.swift in Sources */,
				4CF93DB82558995600EC6D61 /* CALayer+Shadow.swift in Sources */,
				4C60B72B254F63A70075DDE1 /* BeersListItemCell.swift in Sources */,
				4CF93ED5255C32B100EC6D61 /* BeersListHeaderView.swift in Sources */,
				4C340ABE255707FB00EE54EA /* BeersListFooterView.swift in Sources */,
				4CDDE114260F61E500EFB234 /* UIFont+AppFonts.swift in Sources */,
				4C6F6DBF254F14D0004FD828 /* BeersListVC.swift in Sources */,
				4CF93DAB255894CD00EC6D61 /* BaseBottomSheetVC.swift in Sources */,
				4C340ACA2557307800EE54EA /* UIView+Loadable.swift in Sources */,
				4C11CD7A254F3456006E960C /* Contexts.swift in Sources */,
				4CF93DC625589B5D00EC6D61 /* BeerFiltersBottomSheetStyle.swift in Sources */,
				4CDDE123260F89E200EFB234 /* FavoritesCellStyle.swift in Sources */,
				4CA668DC260938F200B346E5 /* BeerDetailsFoodPairingStyle.swift in Sources */,
				4C7653C22610E0C40073A20F /* BeerListConfigurator.swift in Sources */,
				4C705E342610FCF30049ABB5 /* CGFloat+Extensions.swift in Sources */,
				4C040D9F25585F6C008904E0 /* BeersListInteractor.swift in Sources */,
				4C60B727254F620F0075DDE1 /* UIColor+Extensions.swift in Sources */,
				4CDDE117260F6F8B00EFB234 /* FavoritesVC.swift in Sources */,
				4CF93DBF25589B3F00EC6D61 /* BeerFiltersBottomSheetVM.swift in Sources */,
				4C5D474426065EC00051EFA2 /* ConfigurationStrings.swift in Sources */,
				4C6F6D17254E0263004FD828 /* AppDelegate.swift in Sources */,
				4CF93EB8255AC2A300EC6D61 /* RangeSlider+Rx.swift in Sources */,
				4CF93ED8255C32D700EC6D61 /* BeersListHeaderStyle.swift in Sources */,
				4C340AD8255744C100EE54EA /* BeerDetailsInfoVM.swift in Sources */,
				4C6F6DB8254F11E2004FD828 /* AppNavigator.swift in Sources */,
				4C340AEF25585A3500EE54EA /* BeerListItem.swift in Sources */,
				4C6F6D39254E12F8004FD828 /* ControlTower.swift in Sources */,
				4CDDE11A260F72B200EFB234 /* FavoritesCollectionViewLayout.swift in Sources */,
			);
			runOnlyForDeploymentPostprocessing = 0;
		};
		4CA6684926067F0900B346E5 /* Sources */ = {
			isa = PBXSourcesBuildPhase;
			buildActionMask = 2147483647;
			files = (
				4CA6686A26067F4200B346E5 /* MediumEntryView.swift in Sources */,
				4CA668B626077E3000B346E5 /* WidgetManager.swift in Sources */,
				4CA6688D2606837300B346E5 /* CommonViews.swift in Sources */,
				4CA6686F26067F4400B346E5 /* SmallEntryView.swift in Sources */,
				4CA668872606831900B346E5 /* WidgetBeerInfo.swift in Sources */,
				4CA6685226067F0900B346E5 /* BeerOfTheDayWidget.swift in Sources */,
				4CA6686726067F3F00B346E5 /* LargeEntryView.swift in Sources */,
				4CA668932606913F00B346E5 /* WidgetFont.swift in Sources */,
				4CA6689926069F9A00B346E5 /* WidgetAPIClient.swift in Sources */,
				4CA6688A2606831E00B346E5 /* WidgetColor.swift in Sources */,
			);
			runOnlyForDeploymentPostprocessing = 0;
		};
/* End PBXSourcesBuildPhase section */

/* Begin PBXTargetDependency section */
		4CA6685A26067F0900B346E5 /* PBXTargetDependency */ = {
			isa = PBXTargetDependency;
			target = 4CA6684C26067F0900B346E5 /* BeerOfTheDayWidgetExtension */;
			targetProxy = 4CA6685926067F0900B346E5 /* PBXContainerItemProxy */;
		};
/* End PBXTargetDependency section */

/* Begin PBXVariantGroup section */
		4C11CD8A254F4486006E960C /* Localizable.strings */ = {
			isa = PBXVariantGroup;
			children = (
				4C11CD89254F4486006E960C /* en */,
			);
			name = Localizable.strings;
			sourceTree = "<group>";
		};
		4C6F6D21254E0263004FD828 /* LaunchScreen.storyboard */ = {
			isa = PBXVariantGroup;
			children = (
				4C6F6D22254E0263004FD828 /* Base */,
			);
			name = LaunchScreen.storyboard;
			sourceTree = "<group>";
		};
/* End PBXVariantGroup section */

/* Begin XCBuildConfiguration section */
		4C6F6D25254E0263004FD828 /* Debug */ = {
			isa = XCBuildConfiguration;
			buildSettings = {
				ALWAYS_SEARCH_USER_PATHS = NO;
				CLANG_ANALYZER_NONNULL = YES;
				CLANG_ANALYZER_NUMBER_OBJECT_CONVERSION = YES_AGGRESSIVE;
				CLANG_CXX_LANGUAGE_STANDARD = "gnu++14";
				CLANG_CXX_LIBRARY = "libc++";
				CLANG_ENABLE_MODULES = YES;
				CLANG_ENABLE_OBJC_ARC = YES;
				CLANG_ENABLE_OBJC_WEAK = YES;
				CLANG_WARN_BLOCK_CAPTURE_AUTORELEASING = YES;
				CLANG_WARN_BOOL_CONVERSION = YES;
				CLANG_WARN_COMMA = YES;
				CLANG_WARN_CONSTANT_CONVERSION = YES;
				CLANG_WARN_DEPRECATED_OBJC_IMPLEMENTATIONS = YES;
				CLANG_WARN_DIRECT_OBJC_ISA_USAGE = YES_ERROR;
				CLANG_WARN_DOCUMENTATION_COMMENTS = YES;
				CLANG_WARN_EMPTY_BODY = YES;
				CLANG_WARN_ENUM_CONVERSION = YES;
				CLANG_WARN_INFINITE_RECURSION = YES;
				CLANG_WARN_INT_CONVERSION = YES;
				CLANG_WARN_NON_LITERAL_NULL_CONVERSION = YES;
				CLANG_WARN_OBJC_IMPLICIT_RETAIN_SELF = YES;
				CLANG_WARN_OBJC_LITERAL_CONVERSION = YES;
				CLANG_WARN_OBJC_ROOT_CLASS = YES_ERROR;
				CLANG_WARN_QUOTED_INCLUDE_IN_FRAMEWORK_HEADER = YES;
				CLANG_WARN_RANGE_LOOP_ANALYSIS = YES;
				CLANG_WARN_STRICT_PROTOTYPES = YES;
				CLANG_WARN_SUSPICIOUS_MOVE = YES;
				CLANG_WARN_UNGUARDED_AVAILABILITY = YES_AGGRESSIVE;
				CLANG_WARN_UNREACHABLE_CODE = YES;
				CLANG_WARN__DUPLICATE_METHOD_MATCH = YES;
				COPY_PHASE_STRIP = NO;
				DEBUG_INFORMATION_FORMAT = dwarf;
				ENABLE_STRICT_OBJC_MSGSEND = YES;
				ENABLE_TESTABILITY = YES;
				GCC_C_LANGUAGE_STANDARD = gnu11;
				GCC_DYNAMIC_NO_PIC = NO;
				GCC_NO_COMMON_BLOCKS = YES;
				GCC_OPTIMIZATION_LEVEL = 0;
				GCC_PREPROCESSOR_DEFINITIONS = (
					"DEBUG=1",
					"$(inherited)",
				);
				GCC_WARN_64_TO_32_BIT_CONVERSION = YES;
				GCC_WARN_ABOUT_RETURN_TYPE = YES_ERROR;
				GCC_WARN_UNDECLARED_SELECTOR = YES;
				GCC_WARN_UNINITIALIZED_AUTOS = YES_AGGRESSIVE;
				GCC_WARN_UNUSED_FUNCTION = YES;
				GCC_WARN_UNUSED_VARIABLE = YES;
				IPHONEOS_DEPLOYMENT_TARGET = 13.0;
				MTL_ENABLE_DEBUG_INFO = INCLUDE_SOURCE;
				MTL_FAST_MATH = YES;
				ONLY_ACTIVE_ARCH = YES;
				SDKROOT = iphoneos;
				SWIFT_ACTIVE_COMPILATION_CONDITIONS = DEBUG;
				SWIFT_OPTIMIZATION_LEVEL = "-Onone";
			};
			name = Debug;
		};
		4C6F6D26254E0263004FD828 /* Release */ = {
			isa = XCBuildConfiguration;
			buildSettings = {
				ALWAYS_SEARCH_USER_PATHS = NO;
				CLANG_ANALYZER_NONNULL = YES;
				CLANG_ANALYZER_NUMBER_OBJECT_CONVERSION = YES_AGGRESSIVE;
				CLANG_CXX_LANGUAGE_STANDARD = "gnu++14";
				CLANG_CXX_LIBRARY = "libc++";
				CLANG_ENABLE_MODULES = YES;
				CLANG_ENABLE_OBJC_ARC = YES;
				CLANG_ENABLE_OBJC_WEAK = YES;
				CLANG_WARN_BLOCK_CAPTURE_AUTORELEASING = YES;
				CLANG_WARN_BOOL_CONVERSION = YES;
				CLANG_WARN_COMMA = YES;
				CLANG_WARN_CONSTANT_CONVERSION = YES;
				CLANG_WARN_DEPRECATED_OBJC_IMPLEMENTATIONS = YES;
				CLANG_WARN_DIRECT_OBJC_ISA_USAGE = YES_ERROR;
				CLANG_WARN_DOCUMENTATION_COMMENTS = YES;
				CLANG_WARN_EMPTY_BODY = YES;
				CLANG_WARN_ENUM_CONVERSION = YES;
				CLANG_WARN_INFINITE_RECURSION = YES;
				CLANG_WARN_INT_CONVERSION = YES;
				CLANG_WARN_NON_LITERAL_NULL_CONVERSION = YES;
				CLANG_WARN_OBJC_IMPLICIT_RETAIN_SELF = YES;
				CLANG_WARN_OBJC_LITERAL_CONVERSION = YES;
				CLANG_WARN_OBJC_ROOT_CLASS = YES_ERROR;
				CLANG_WARN_QUOTED_INCLUDE_IN_FRAMEWORK_HEADER = YES;
				CLANG_WARN_RANGE_LOOP_ANALYSIS = YES;
				CLANG_WARN_STRICT_PROTOTYPES = YES;
				CLANG_WARN_SUSPICIOUS_MOVE = YES;
				CLANG_WARN_UNGUARDED_AVAILABILITY = YES_AGGRESSIVE;
				CLANG_WARN_UNREACHABLE_CODE = YES;
				CLANG_WARN__DUPLICATE_METHOD_MATCH = YES;
				COPY_PHASE_STRIP = NO;
				DEBUG_INFORMATION_FORMAT = "dwarf-with-dsym";
				ENABLE_NS_ASSERTIONS = NO;
				ENABLE_STRICT_OBJC_MSGSEND = YES;
				GCC_C_LANGUAGE_STANDARD = gnu11;
				GCC_NO_COMMON_BLOCKS = YES;
				GCC_WARN_64_TO_32_BIT_CONVERSION = YES;
				GCC_WARN_ABOUT_RETURN_TYPE = YES_ERROR;
				GCC_WARN_UNDECLARED_SELECTOR = YES;
				GCC_WARN_UNINITIALIZED_AUTOS = YES_AGGRESSIVE;
				GCC_WARN_UNUSED_FUNCTION = YES;
				GCC_WARN_UNUSED_VARIABLE = YES;
				IPHONEOS_DEPLOYMENT_TARGET = 13.0;
				MTL_ENABLE_DEBUG_INFO = NO;
				MTL_FAST_MATH = YES;
				SDKROOT = iphoneos;
				SWIFT_COMPILATION_MODE = wholemodule;
				SWIFT_OPTIMIZATION_LEVEL = "-O";
				VALIDATE_PRODUCT = YES;
			};
			name = Release;
		};
		4C6F6D28254E0263004FD828 /* Debug */ = {
			isa = XCBuildConfiguration;
			baseConfigurationReference = 907782CB85B8F49CD978D2C6 /* Pods-BeersApp.debug.xcconfig */;
			buildSettings = {
				ALWAYS_EMBED_SWIFT_STANDARD_LIBRARIES = YES;
				ASSETCATALOG_COMPILER_APPICON_NAME = AppIcon;
				ASSETCATALOG_COMPILER_GLOBAL_ACCENT_COLOR_NAME = AccentColor;
				CODE_SIGN_STYLE = Automatic;
				DEVELOPMENT_TEAM = AVUC8VQ6A7;
				INFOPLIST_FILE = "$(SRCROOT)/BeersApp/Resources/Info.plist";
				LD_RUNPATH_SEARCH_PATHS = (
					"$(inherited)",
					"@executable_path/Frameworks",
				);
				PRODUCT_BUNDLE_IDENTIFIER = verodanilova.BeersApp;
				PRODUCT_NAME = "$(TARGET_NAME)";
				SWIFT_VERSION = 5.0;
				TARGETED_DEVICE_FAMILY = "1,2";
			};
			name = Debug;
		};
		4C6F6D29254E0263004FD828 /* Release */ = {
			isa = XCBuildConfiguration;
			baseConfigurationReference = B0AD11786F9D8F1FBBC71633 /* Pods-BeersApp.release.xcconfig */;
			buildSettings = {
				ALWAYS_EMBED_SWIFT_STANDARD_LIBRARIES = YES;
				ASSETCATALOG_COMPILER_APPICON_NAME = AppIcon;
				ASSETCATALOG_COMPILER_GLOBAL_ACCENT_COLOR_NAME = AccentColor;
				CODE_SIGN_STYLE = Automatic;
				DEVELOPMENT_TEAM = AVUC8VQ6A7;
				INFOPLIST_FILE = "$(SRCROOT)/BeersApp/Resources/Info.plist";
				LD_RUNPATH_SEARCH_PATHS = (
					"$(inherited)",
					"@executable_path/Frameworks",
				);
				PRODUCT_BUNDLE_IDENTIFIER = verodanilova.BeersApp;
				PRODUCT_NAME = "$(TARGET_NAME)";
				SWIFT_VERSION = 5.0;
				TARGETED_DEVICE_FAMILY = "1,2";
			};
			name = Release;
		};
		4CA6685D26067F0900B346E5 /* Debug */ = {
			isa = XCBuildConfiguration;
			baseConfigurationReference = 7C9A2569962930862B73F4DA /* Pods-BeerOfTheDayWidgetExtension.debug.xcconfig */;
			buildSettings = {
				ASSETCATALOG_COMPILER_GLOBAL_ACCENT_COLOR_NAME = AccentColor;
				ASSETCATALOG_COMPILER_WIDGET_BACKGROUND_COLOR_NAME = WidgetBackground;
				CODE_SIGN_STYLE = Automatic;
				DEVELOPMENT_TEAM = AVUC8VQ6A7;
				INFOPLIST_FILE = BeerOfTheDayWidget/Info.plist;
				IPHONEOS_DEPLOYMENT_TARGET = 14.1;
				LD_RUNPATH_SEARCH_PATHS = (
					"$(inherited)",
					"@executable_path/Frameworks",
					"@executable_path/../../Frameworks",
				);
				PRODUCT_BUNDLE_IDENTIFIER = verodanilova.BeersApp.BeerOfTheDayWidget;
				PRODUCT_NAME = "$(TARGET_NAME)";
				SKIP_INSTALL = YES;
				SWIFT_VERSION = 5.0;
				TARGETED_DEVICE_FAMILY = "1,2";
			};
			name = Debug;
		};
		4CA6685E26067F0900B346E5 /* Release */ = {
			isa = XCBuildConfiguration;
			baseConfigurationReference = 271FDB2F11632AD2AC472FD5 /* Pods-BeerOfTheDayWidgetExtension.release.xcconfig */;
			buildSettings = {
				ASSETCATALOG_COMPILER_GLOBAL_ACCENT_COLOR_NAME = AccentColor;
				ASSETCATALOG_COMPILER_WIDGET_BACKGROUND_COLOR_NAME = WidgetBackground;
				CODE_SIGN_STYLE = Automatic;
				DEVELOPMENT_TEAM = AVUC8VQ6A7;
				INFOPLIST_FILE = BeerOfTheDayWidget/Info.plist;
				IPHONEOS_DEPLOYMENT_TARGET = 14.1;
				LD_RUNPATH_SEARCH_PATHS = (
					"$(inherited)",
					"@executable_path/Frameworks",
					"@executable_path/../../Frameworks",
				);
				PRODUCT_BUNDLE_IDENTIFIER = verodanilova.BeersApp.BeerOfTheDayWidget;
				PRODUCT_NAME = "$(TARGET_NAME)";
				SKIP_INSTALL = YES;
				SWIFT_VERSION = 5.0;
				TARGETED_DEVICE_FAMILY = "1,2";
			};
			name = Release;
		};
/* End XCBuildConfiguration section */

/* Begin XCConfigurationList section */
		4C6F6D0E254E0263004FD828 /* Build configuration list for PBXProject "BeersApp" */ = {
			isa = XCConfigurationList;
			buildConfigurations = (
				4C6F6D25254E0263004FD828 /* Debug */,
				4C6F6D26254E0263004FD828 /* Release */,
			);
			defaultConfigurationIsVisible = 0;
			defaultConfigurationName = Release;
		};
		4C6F6D27254E0263004FD828 /* Build configuration list for PBXNativeTarget "BeersApp" */ = {
			isa = XCConfigurationList;
			buildConfigurations = (
				4C6F6D28254E0263004FD828 /* Debug */,
				4C6F6D29254E0263004FD828 /* Release */,
			);
			defaultConfigurationIsVisible = 0;
			defaultConfigurationName = Release;
		};
		4CA6685C26067F0900B346E5 /* Build configuration list for PBXNativeTarget "BeerOfTheDayWidgetExtension" */ = {
			isa = XCConfigurationList;
			buildConfigurations = (
				4CA6685D26067F0900B346E5 /* Debug */,
				4CA6685E26067F0900B346E5 /* Release */,
			);
			defaultConfigurationIsVisible = 0;
			defaultConfigurationName = Release;
		};
/* End XCConfigurationList section */
	};
	rootObject = 4C6F6D0B254E0263004FD828 /* Project object */;
}
